// !$*UTF8*$!
{
	archiveVersion = 1;
	classes = {
	};
	objectVersion = 46;
	objects = {

/* Begin PBXBuildFile section */
		D4BE78531F0FEA8E00865FBF /* AppDelegate.swift in Sources */ = {isa = PBXBuildFile; fileRef = D4BE78521F0FEA8E00865FBF /* AppDelegate.swift */; };
		D4BE78551F0FEA8E00865FBF /* ViewController.swift in Sources */ = {isa = PBXBuildFile; fileRef = D4BE78541F0FEA8E00865FBF /* ViewController.swift */; };
		D4BE78581F0FEA8E00865FBF /* Main.storyboard in Resources */ = {isa = PBXBuildFile; fileRef = D4BE78561F0FEA8E00865FBF /* Main.storyboard */; };
		D4BE785A1F0FEA8E00865FBF /* Assets.xcassets in Resources */ = {isa = PBXBuildFile; fileRef = D4BE78591F0FEA8E00865FBF /* Assets.xcassets */; };
		D4BE785D1F0FEA8E00865FBF /* LaunchScreen.storyboard in Resources */ = {isa = PBXBuildFile; fileRef = D4BE785B1F0FEA8E00865FBF /* LaunchScreen.storyboard */; };
		D4BE78651F0FF71500865FBF /* DataSet.swift in Sources */ = {isa = PBXBuildFile; fileRef = D4BE78641F0FF71500865FBF /* DataSet.swift */; };
/* End PBXBuildFile section */

/* Begin PBXFileReference section */
		D4BE784F1F0FEA8E00865FBF /* ExerciseTableApp.app */ = {isa = PBXFileReference; explicitFileType = wrapper.application; includeInIndex = 0; path = ExerciseTableApp.app; sourceTree = BUILT_PRODUCTS_DIR; };
		D4BE78521F0FEA8E00865FBF /* AppDelegate.swift */ = {isa = PBXFileReference; lastKnownFileType = sourcecode.swift; path = AppDelegate.swift; sourceTree = "<group>"; };
		D4BE78541F0FEA8E00865FBF /* ViewController.swift */ = {isa = PBXFileReference; lastKnownFileType = sourcecode.swift; path = ViewController.swift; sourceTree = "<group>"; };
		D4BE78571F0FEA8E00865FBF /* Base */ = {isa = PBXFileReference; lastKnownFileType = file.storyboard; name = Base; path = Base.lproj/Main.storyboard; sourceTree = "<group>"; };
		D4BE78591F0FEA8E00865FBF /* Assets.xcassets */ = {isa = PBXFileReference; lastKnownFileType = folder.assetcatalog; path = Assets.xcassets; sourceTree = "<group>"; };
		D4BE785C1F0FEA8E00865FBF /* Base */ = {isa = PBXFileReference; lastKnownFileType = file.storyboard; name = Base; path = Base.lproj/LaunchScreen.storyboard; sourceTree = "<group>"; };
		D4BE785E1F0FEA8E00865FBF /* Info.plist */ = {isa = PBXFileReference; lastKnownFileType = text.plist.xml; path = Info.plist; sourceTree = "<group>"; };
		D4BE78641F0FF71500865FBF /* DataSet.swift */ = {isa = PBXFileReference; fileEncoding = 4; lastKnownFileType = sourcecode.swift; path = DataSet.swift; sourceTree = "<group>"; };
/* End PBXFileReference section */

/* Begin PBXFrameworksBuildPhase section */
		D4BE784C1F0FEA8E00865FBF /* Frameworks */ = {
			isa = PBXFrameworksBuildPhase;
			buildActionMask = 2147483647;
			files = (
			);
			runOnlyForDeploymentPostprocessing = 0;
		};
/* End PBXFrameworksBuildPhase section */

/* Begin PBXGroup section */
		D4BE78461F0FEA8E00865FBF = {
			isa = PBXGroup;
			children = (
				D4BE78511F0FEA8E00865FBF /* ExerciseTableApp */,
				D4BE78501F0FEA8E00865FBF /* Products */,
			);
			sourceTree = "<group>";
		};
		D4BE78501F0FEA8E00865FBF /* Products */ = {
			isa = PBXGroup;
			children = (
				D4BE784F1F0FEA8E00865FBF /* ExerciseTableApp.app */,
			);
			name = Products;
			sourceTree = "<group>";
		};
		D4BE78511F0FEA8E00865FBF /* ExerciseTableApp */ = {
			isa = PBXGroup;
			children = (
				D4BE78521F0FEA8E00865FBF /* AppDelegate.swift */,
				D4BE78541F0FEA8E00865FBF /* ViewController.swift */,
				D4BE78561F0FEA8E00865FBF /* Main.storyboard */,
				D4BE78641F0FF71500865FBF /* DataSet.swift */,
				D4BE78591F0FEA8E00865FBF /* Assets.xcassets */,
				D4BE785B1F0FEA8E00865FBF /* LaunchScreen.storyboard */,
				D4BE785E1F0FEA8E00865FBF /* Info.plist */,
			);
			path = ExerciseTableApp;
			sourceTree = "<group>";
		};
/* End PBXGroup section */

/* Begin PBXNativeTarget section */
		D4BE784E1F0FEA8E00865FBF /* ExerciseTableApp */ = {
			isa = PBXNativeTarget;
			buildConfigurationList = D4BE78611F0FEA8E00865FBF /* Build configuration list for PBXNativeTarget "ExerciseTableApp" */;
			buildPhases = (
				D4BE784B1F0FEA8E00865FBF /* Sources */,
				D4BE784C1F0FEA8E00865FBF /* Frameworks */,
				D4BE784D1F0FEA8E00865FBF /* Resources */,
			);
			buildRules = (
			);
			dependencies = (
			);
			name = ExerciseTableApp;
			productName = ExerciseTableApp;
			productReference = D4BE784F1F0FEA8E00865FBF /* ExerciseTableApp.app */;
			productType = "com.apple.product-type.application";
		};
/* End PBXNativeTarget section */

/* Begin PBXProject section */
		D4BE78471F0FEA8E00865FBF /* Project object */ = {
			isa = PBXProject;
			attributes = {
				LastSwiftUpdateCheck = 0830;
				LastUpgradeCheck = 0830;
				ORGANIZATIONNAME = "Robert Wong";
				TargetAttributes = {
					D4BE784E1F0FEA8E00865FBF = {
						CreatedOnToolsVersion = 8.3.3;
						ProvisioningStyle = Automatic;
					};
				};
			};
			buildConfigurationList = D4BE784A1F0FEA8E00865FBF /* Build configuration list for PBXProject "ExerciseTableApp" */;
			compatibilityVersion = "Xcode 3.2";
			developmentRegion = English;
			hasScannedForEncodings = 0;
			knownRegions = (
				en,
				Base,
			);
			mainGroup = D4BE78461F0FEA8E00865FBF;
			productRefGroup = D4BE78501F0FEA8E00865FBF /* Products */;
			projectDirPath = "";
			projectRoot = "";
			targets = (
				D4BE784E1F0FEA8E00865FBF /* ExerciseTableApp */,
			);
		};
/* End PBXProject section */

/* Begin PBXResourcesBuildPhase section */
		D4BE784D1F0FEA8E00865FBF /* Resources */ = {
			isa = PBXResourcesBuildPhase;
			buildActionMask = 2147483647;
			files = (
				D4BE785D1F0FEA8E00865FBF /* LaunchScreen.storyboard in Resources */,
				D4BE785A1F0FEA8E00865FBF /* Assets.xcassets in Resources */,
				D4BE78581F0FEA8E00865FBF /* Main.storyboard in Resources */,
			);
			runOnlyForDeploymentPostprocessing = 0;
		};
/* End PBXResourcesBuildPhase section */

/* Begin PBXSourcesBuildPhase section */
		D4BE784B1F0FEA8E00865FBF /* Sources */ = {
			isa = PBXSourcesBuildPhase;
			buildActionMask = 2147483647;
			files = (
				D4BE78651F0FF71500865FBF /* DataSet.swift in Sources */,
				D4BE78551F0FEA8E00865FBF /* ViewController.swift in Sources */,
				D4BE78531F0FEA8E00865FBF /* AppDelegate.swift in Sources */,
			);
			runOnlyForDeploymentPostprocessing = 0;
		};
/* End PBXSourcesBuildPhase section */

/* Begin PBXVariantGroup section */
		D4BE78561F0FEA8E00865FBF /* Main.storyboard */ = {
			isa = PBXVariantGroup;
			children = (
				D4BE78571F0FEA8E00865FBF /* Base */,
			);
			name = Main.storyboard;
			sourceTree = "<group>";
		};
		D4BE785B1F0FEA8E00865FBF /* LaunchScreen.storyboard */ = {
			isa = PBXVariantGroup;
			children = (
				D4BE785C1F0FEA8E00865FBF /* Base */,
			);
			name = LaunchScreen.storyboard;
			sourceTree = "<group>";
		};
/* End PBXVariantGroup section */

/* Begin XCBuildConfiguration section */
		D4BE785F1F0FEA8E00865FBF /* Debug */ = {
			isa = XCBuildConfiguration;
			buildSettings = {
				ALWAYS_SEARCH_USER_PATHS = NO;
				CLANG_ANALYZER_NONNULL = YES;
				CLANG_ANALYZER_NUMBER_OBJECT_CONVERSION = YES_AGGRESSIVE;
				CLANG_CXX_LANGUAGE_STANDARD = "gnu++0x";
				CLANG_CXX_LIBRARY = "libc++";
				CLANG_ENABLE_MODULES = YES;
				CLANG_ENABLE_OBJC_ARC = YES;
				CLANG_WARN_BOOL_CONVERSION = YES;
				CLANG_WARN_CONSTANT_CONVERSION = YES;
				CLANG_WARN_DIRECT_OBJC_ISA_USAGE = YES_ERROR;
				CLANG_WARN_DOCUMENTATION_COMMENTS = YES;
				CLANG_WARN_EMPTY_BODY = YES;
				CLANG_WARN_ENUM_CONVERSION = YES;
				CLANG_WARN_INFINITE_RECURSION = YES;
				CLANG_WARN_INT_CONVERSION = YES;
				CLANG_WARN_OBJC_ROOT_CLASS = YES_ERROR;
				CLANG_WARN_SUSPICIOUS_MOVE = YES;
				CLANG_WARN_UNREACHABLE_CODE = YES;
				CLANG_WARN__DUPLICATE_METHOD_MATCH = YES;
				"CODE_SIGN_IDENTITY[sdk=iphoneos*]" = "iPhone Developer";
				COPY_PHASE_STRIP = NO;
				DEBUG_INFORMATION_FORMAT = dwarf;
				ENABLE_STRICT_OBJC_MSGSEND = YES;
				ENABLE_TESTABILITY = YES;
				GCC_C_LANGUAGE_STANDARD = gnu99;
				GCC_DYNAMIC_NO_PIC = NO;
				GCC_NO_COMMON_BLOCKS = YES;
				GCC_OPTIMIZATION_LEVEL = 0;
				GCC_PREPROCESSOR_DEFINITIONS = (
					"DEBUG=1",
					"$(inherited)",
				);
				GCC_WARN_64_TO_32_BIT_CONVERSION = YES;
				GCC_WARN_ABOUT_RETURN_TYPE = YES_ERROR;
				GCC_WARN_UNDECLARED_SELECTOR = YES;
				GCC_WARN_UNINITIALIZED_AUTOS = YES_AGGRESSIVE;
				GCC_WARN_UNUSED_FUNCTION = YES;
				GCC_WARN_UNUSED_VARIABLE = YES;
				IPHONEOS_DEPLOYMENT_TARGET = 10.3;
				MTL_ENABLE_DEBUG_INFO = YES;
				ONLY_ACTIVE_ARCH = YES;
				SDKROOT = iphoneos;
				SWIFT_ACTIVE_COMPILATION_CONDITIONS = DEBUG;
				SWIFT_OPTIMIZATION_LEVEL = "-Onone";
				TARGETED_DEVICE_FAMILY = "1,2";
			};
			name = Debug;
		};
		D4BE78601F0FEA8E00865FBF /* Release */ = {
			isa = XCBuildConfiguration;
			buildSettings = {
				ALWAYS_SEARCH_USER_PATHS = NO;
				CLANG_ANALYZER_NONNULL = YES;
				CLANG_ANALYZER_NUMBER_OBJECT_CONVERSION = YES_AGGRESSIVE;
				CLANG_CXX_LANGUAGE_STANDARD = "gnu++0x";
				CLANG_CXX_LIBRARY = "libc++";
				CLANG_ENABLE_MODULES = YES;
				CLANG_ENABLE_OBJC_ARC = YES;
				CLANG_WARN_BOOL_CONVERSION = YES;
				CLANG_WARN_CONSTANT_CONVERSION = YES;
				CLANG_WARN_DIRECT_OBJC_ISA_USAGE = YES_ERROR;
				CLANG_WARN_DOCUMENTATION_COMMENTS = YES;
				CLANG_WARN_EMPTY_BODY = YES;
				CLANG_WARN_ENUM_CONVERSION = YES;
				CLANG_WARN_INFINITE_RECURSION = YES;
				CLANG_WARN_INT_CONVERSION = YES;
				CLANG_WARN_OBJC_ROOT_CLASS = YES_ERROR;
				CLANG_WARN_SUSPICIOUS_MOVE = YES;
				CLANG_WARN_UNREACHABLE_CODE = YES;
				CLANG_WARN__DUPLICATE_METHOD_MATCH = YES;
				"CODE_SIGN_IDENTITY[sdk=iphoneos*]" = "iPhone Developer";
				COPY_PHASE_STRIP = NO;
				DEBUG_INFORMATION_FORMAT = "dwarf-with-dsym";
				ENABLE_NS_ASSERTIONS = NO;
				ENABLE_STRICT_OBJC_MSGSEND = YES;
				GCC_C_LANGUAGE_STANDARD = gnu99;
				GCC_NO_COMMON_BLOCKS = YES;
				GCC_WARN_64_TO_32_BIT_CONVERSION = YES;
				GCC_WARN_ABOUT_RETURN_TYPE = YES_ERROR;
				GCC_WARN_UNDECLARED_SELECTOR = YES;
				GCC_WARN_UNINITIALIZED_AUTOS = YES_AGGRESSIVE;
				GCC_WARN_UNUSED_FUNCTION = YES;
				GCC_WARN_UNUSED_VARIABLE = YES;
				IPHONEOS_DEPLOYMENT_TARGET = 10.3;
				MTL_ENABLE_DEBUG_INFO = NO;
				SDKROOT = iphoneos;
				SWIFT_OPTIMIZATION_LEVEL = "-Owholemodule";
				TARGETED_DEVICE_FAMILY = "1,2";
				VALIDATE_PRODUCT = YES;
			};
			name = Release;
		};
		D4BE78621F0FEA8E00865FBF /* Debug */ = {
			isa = XCBuildConfiguration;
			buildSettings = {
				ASSETCATALOG_COMPILER_APPICON_NAME = AppIcon;
				INFOPLIST_FILE = ExerciseTableApp/Info.plist;
				LD_RUNPATH_SEARCH_PATHS = "$(inherited) @executable_path/Frameworks";
				PRODUCT_BUNDLE_IDENTIFIER = com.ExerciseTableApp;
				PRODUCT_NAME = "$(TARGET_NAME)";
				SWIFT_VERSION = 3.0;
			};
			name = Debug;
		};
		D4BE78631F0FEA8E00865FBF /* Release */ = {
			isa = XCBuildConfiguration;
			buildSettings = {
				ASSETCATALOG_COMPILER_APPICON_NAME = AppIcon;
				INFOPLIST_FILE = ExerciseTableApp/Info.plist;
				LD_RUNPATH_SEARCH_PATHS = "$(inherited) @executable_path/Frameworks";
				PRODUCT_BUNDLE_IDENTIFIER = com.ExerciseTableApp;
				PRODUCT_NAME = "$(TARGET_NAME)";
				SWIFT_VERSION = 3.0;
			};
			name = Release;
		};
/* End XCBuildConfiguration section */

/* Begin XCConfigurationList section */
		D4BE784A1F0FEA8E00865FBF /* Build configuration list for PBXProject "ExerciseTableApp" */ = {
			isa = XCConfigurationList;
			buildConfigurations = (
				D4BE785F1F0FEA8E00865FBF /* Debug */,
				D4BE78601F0FEA8E00865FBF /* Release */,
			);
			defaultConfigurationIsVisible = 0;
			defaultConfigurationName = Release;
		};
		D4BE78611F0FEA8E00865FBF /* Build configuration list for PBXNativeTarget "ExerciseTableApp" */ = {
			isa = XCConfigurationList;
			buildConfigurations = (
				D4BE78621F0FEA8E00865FBF /* Debug */,
				D4BE78631F0FEA8E00865FBF /* Release */,
			);
			defaultConfigurationIsVisible = 0;
		};
/* End XCConfigurationList section */
	};
	rootObject = D4BE78471F0FEA8E00865FBF /* Project object */;
}
