// !$*UTF8*$!
{
	archiveVersion = 1;
	classes = {
	};
	objectVersion = 46;
	objects = {

/* Begin PBXBuildFile section */
		D443F69E1F6660E300C02484 /* AppDelegate.swift in Sources */ = {isa = PBXBuildFile; fileRef = D443F69D1F6660E300C02484 /* AppDelegate.swift */; };
		D443F6A01F6660E300C02484 /* MasterViewController.swift in Sources */ = {isa = PBXBuildFile; fileRef = D443F69F1F6660E300C02484 /* MasterViewController.swift */; };
		D443F6A21F6660E300C02484 /* DetailViewController.swift in Sources */ = {isa = PBXBuildFile; fileRef = D443F6A11F6660E300C02484 /* DetailViewController.swift */; };
		D443F6A51F6660E300C02484 /* Main.storyboard in Resources */ = {isa = PBXBuildFile; fileRef = D443F6A31F6660E300C02484 /* Main.storyboard */; };
		D443F6A71F6660E300C02484 /* Assets.xcassets in Resources */ = {isa = PBXBuildFile; fileRef = D443F6A61F6660E300C02484 /* Assets.xcassets */; };
		D443F6AA1F6660E300C02484 /* LaunchScreen.storyboard in Resources */ = {isa = PBXBuildFile; fileRef = D443F6A81F6660E300C02484 /* LaunchScreen.storyboard */; };
		D443F6B21F66613F00C02484 /* StudentData.swift in Sources */ = {isa = PBXBuildFile; fileRef = D443F6B11F66613F00C02484 /* StudentData.swift */; };
/* End PBXBuildFile section */

/* Begin PBXFileReference section */
		D443F69A1F6660E300C02484 /* KeyedArchiverAppV1.app */ = {isa = PBXFileReference; explicitFileType = wrapper.application; includeInIndex = 0; path = KeyedArchiverAppV1.app; sourceTree = BUILT_PRODUCTS_DIR; };
		D443F69D1F6660E300C02484 /* AppDelegate.swift */ = {isa = PBXFileReference; lastKnownFileType = sourcecode.swift; path = AppDelegate.swift; sourceTree = "<group>"; };
		D443F69F1F6660E300C02484 /* MasterViewController.swift */ = {isa = PBXFileReference; lastKnownFileType = sourcecode.swift; path = MasterViewController.swift; sourceTree = "<group>"; };
		D443F6A11F6660E300C02484 /* DetailViewController.swift */ = {isa = PBXFileReference; lastKnownFileType = sourcecode.swift; path = DetailViewController.swift; sourceTree = "<group>"; };
		D443F6A41F6660E300C02484 /* Base */ = {isa = PBXFileReference; lastKnownFileType = file.storyboard; name = Base; path = Base.lproj/Main.storyboard; sourceTree = "<group>"; };
		D443F6A61F6660E300C02484 /* Assets.xcassets */ = {isa = PBXFileReference; lastKnownFileType = folder.assetcatalog; path = Assets.xcassets; sourceTree = "<group>"; };
		D443F6A91F6660E300C02484 /* Base */ = {isa = PBXFileReference; lastKnownFileType = file.storyboard; name = Base; path = Base.lproj/LaunchScreen.storyboard; sourceTree = "<group>"; };
		D443F6AB1F6660E300C02484 /* Info.plist */ = {isa = PBXFileReference; lastKnownFileType = text.plist.xml; path = Info.plist; sourceTree = "<group>"; };
		D443F6B11F66613F00C02484 /* StudentData.swift */ = {isa = PBXFileReference; fileEncoding = 4; lastKnownFileType = sourcecode.swift; path = StudentData.swift; sourceTree = "<group>"; };
/* End PBXFileReference section */

/* Begin PBXFrameworksBuildPhase section */
		D443F6971F6660E300C02484 /* Frameworks */ = {
			isa = PBXFrameworksBuildPhase;
			buildActionMask = 2147483647;
			files = (
			);
			runOnlyForDeploymentPostprocessing = 0;
		};
/* End PBXFrameworksBuildPhase section */

/* Begin PBXGroup section */
		D443F6911F6660E300C02484 = {
			isa = PBXGroup;
			children = (
				D443F69C1F6660E300C02484 /* KeyedArchiverAppV1 */,
				D443F69B1F6660E300C02484 /* Products */,
			);
			sourceTree = "<group>";
		};
		D443F69B1F6660E300C02484 /* Products */ = {
			isa = PBXGroup;
			children = (
				D443F69A1F6660E300C02484 /* KeyedArchiverAppV1.app */,
			);
			name = Products;
			sourceTree = "<group>";
		};
		D443F69C1F6660E300C02484 /* KeyedArchiverAppV1 */ = {
			isa = PBXGroup;
			children = (
				D443F69D1F6660E300C02484 /* AppDelegate.swift */,
				D443F69F1F6660E300C02484 /* MasterViewController.swift */,
				D443F6B11F66613F00C02484 /* StudentData.swift */,
				D443F6A11F6660E300C02484 /* DetailViewController.swift */,
				D443F6A31F6660E300C02484 /* Main.storyboard */,
				D443F6A61F6660E300C02484 /* Assets.xcassets */,
				D443F6A81F6660E300C02484 /* LaunchScreen.storyboard */,
				D443F6AB1F6660E300C02484 /* Info.plist */,
			);
			path = KeyedArchiverAppV1;
			sourceTree = "<group>";
		};
/* End PBXGroup section */

/* Begin PBXNativeTarget section */
		D443F6991F6660E300C02484 /* KeyedArchiverAppV1 */ = {
			isa = PBXNativeTarget;
			buildConfigurationList = D443F6AE1F6660E300C02484 /* Build configuration list for PBXNativeTarget "KeyedArchiverAppV1" */;
			buildPhases = (
				D443F6961F6660E300C02484 /* Sources */,
				D443F6971F6660E300C02484 /* Frameworks */,
				D443F6981F6660E300C02484 /* Resources */,
			);
			buildRules = (
			);
			dependencies = (
			);
			name = KeyedArchiverAppV1;
			productName = KeyedArchiverAppV1;
			productReference = D443F69A1F6660E300C02484 /* KeyedArchiverAppV1.app */;
			productType = "com.apple.product-type.application";
		};
/* End PBXNativeTarget section */

/* Begin PBXProject section */
		D443F6921F6660E300C02484 /* Project object */ = {
			isa = PBXProject;
			attributes = {
				LastSwiftUpdateCheck = 0830;
				LastUpgradeCheck = 0830;
				ORGANIZATIONNAME = "Robert Wong";
				TargetAttributes = {
					D443F6991F6660E300C02484 = {
						CreatedOnToolsVersion = 8.3.3;
						ProvisioningStyle = Automatic;
					};
				};
			};
			buildConfigurationList = D443F6951F6660E300C02484 /* Build configuration list for PBXProject "KeyedArchiverAppV1" */;
			compatibilityVersion = "Xcode 3.2";
			developmentRegion = English;
			hasScannedForEncodings = 0;
			knownRegions = (
				en,
				Base,
			);
			mainGroup = D443F6911F6660E300C02484;
			productRefGroup = D443F69B1F6660E300C02484 /* Products */;
			projectDirPath = "";
			projectRoot = "";
			targets = (
				D443F6991F6660E300C02484 /* KeyedArchiverAppV1 */,
			);
		};
/* End PBXProject section */

/* Begin PBXResourcesBuildPhase section */
		D443F6981F6660E300C02484 /* Resources */ = {
			isa = PBXResourcesBuildPhase;
			buildActionMask = 2147483647;
			files = (
				D443F6AA1F6660E300C02484 /* LaunchScreen.storyboard in Resources */,
				D443F6A71F6660E300C02484 /* Assets.xcassets in Resources */,
				D443F6A51F6660E300C02484 /* Main.storyboard in Resources */,
			);
			runOnlyForDeploymentPostprocessing = 0;
		};
/* End PBXResourcesBuildPhase section */

/* Begin PBXSourcesBuildPhase section */
		D443F6961F6660E300C02484 /* Sources */ = {
			isa = PBXSourcesBuildPhase;
			buildActionMask = 2147483647;
			files = (
				D443F6A21F6660E300C02484 /* DetailViewController.swift in Sources */,
				D443F6A01F6660E300C02484 /* MasterViewController.swift in Sources */,
				D443F6B21F66613F00C02484 /* StudentData.swift in Sources */,
				D443F69E1F6660E300C02484 /* AppDelegate.swift in Sources */,
			);
			runOnlyForDeploymentPostprocessing = 0;
		};
/* End PBXSourcesBuildPhase section */

/* Begin PBXVariantGroup section */
		D443F6A31F6660E300C02484 /* Main.storyboard */ = {
			isa = PBXVariantGroup;
			children = (
				D443F6A41F6660E300C02484 /* Base */,
			);
			name = Main.storyboard;
			sourceTree = "<group>";
		};
		D443F6A81F6660E300C02484 /* LaunchScreen.storyboard */ = {
			isa = PBXVariantGroup;
			children = (
				D443F6A91F6660E300C02484 /* Base */,
			);
			name = LaunchScreen.storyboard;
			sourceTree = "<group>";
		};
/* End PBXVariantGroup section */

/* Begin XCBuildConfiguration section */
		D443F6AC1F6660E300C02484 /* Debug */ = {
			isa = XCBuildConfiguration;
			buildSettings = {
				ALWAYS_SEARCH_USER_PATHS = NO;
				CLANG_ANALYZER_NONNULL = YES;
				CLANG_ANALYZER_NUMBER_OBJECT_CONVERSION = YES_AGGRESSIVE;
				CLANG_CXX_LANGUAGE_STANDARD = "gnu++0x";
				CLANG_CXX_LIBRARY = "libc++";
				CLANG_ENABLE_MODULES = YES;
				CLANG_ENABLE_OBJC_ARC = YES;
				CLANG_WARN_BOOL_CONVERSION = YES;
				CLANG_WARN_CONSTANT_CONVERSION = YES;
				CLANG_WARN_DIRECT_OBJC_ISA_USAGE = YES_ERROR;
				CLANG_WARN_DOCUMENTATION_COMMENTS = YES;
				CLANG_WARN_EMPTY_BODY = YES;
				CLANG_WARN_ENUM_CONVERSION = YES;
				CLANG_WARN_INFINITE_RECURSION = YES;
				CLANG_WARN_INT_CONVERSION = YES;
				CLANG_WARN_OBJC_ROOT_CLASS = YES_ERROR;
				CLANG_WARN_SUSPICIOUS_MOVE = YES;
				CLANG_WARN_UNREACHABLE_CODE = YES;
				CLANG_WARN__DUPLICATE_METHOD_MATCH = YES;
				"CODE_SIGN_IDENTITY[sdk=iphoneos*]" = "iPhone Developer";
				COPY_PHASE_STRIP = NO;
				DEBUG_INFORMATION_FORMAT = dwarf;
				ENABLE_STRICT_OBJC_MSGSEND = YES;
				ENABLE_TESTABILITY = YES;
				GCC_C_LANGUAGE_STANDARD = gnu99;
				GCC_DYNAMIC_NO_PIC = NO;
				GCC_NO_COMMON_BLOCKS = YES;
				GCC_OPTIMIZATION_LEVEL = 0;
				GCC_PREPROCESSOR_DEFINITIONS = (
					"DEBUG=1",
					"$(inherited)",
				);
				GCC_WARN_64_TO_32_BIT_CONVERSION = YES;
				GCC_WARN_ABOUT_RETURN_TYPE = YES_ERROR;
				GCC_WARN_UNDECLARED_SELECTOR = YES;
				GCC_WARN_UNINITIALIZED_AUTOS = YES_AGGRESSIVE;
				GCC_WARN_UNUSED_FUNCTION = YES;
				GCC_WARN_UNUSED_VARIABLE = YES;
				IPHONEOS_DEPLOYMENT_TARGET = 10.3;
				MTL_ENABLE_DEBUG_INFO = YES;
				ONLY_ACTIVE_ARCH = YES;
				SDKROOT = iphoneos;
				SWIFT_ACTIVE_COMPILATION_CONDITIONS = DEBUG;
				SWIFT_OPTIMIZATION_LEVEL = "-Onone";
				TARGETED_DEVICE_FAMILY = "1,2";
			};
			name = Debug;
		};
		D443F6AD1F6660E300C02484 /* Release */ = {
			isa = XCBuildConfiguration;
			buildSettings = {
				ALWAYS_SEARCH_USER_PATHS = NO;
				CLANG_ANALYZER_NONNULL = YES;
				CLANG_ANALYZER_NUMBER_OBJECT_CONVERSION = YES_AGGRESSIVE;
				CLANG_CXX_LANGUAGE_STANDARD = "gnu++0x";
				CLANG_CXX_LIBRARY = "libc++";
				CLANG_ENABLE_MODULES = YES;
				CLANG_ENABLE_OBJC_ARC = YES;
				CLANG_WARN_BOOL_CONVERSION = YES;
				CLANG_WARN_CONSTANT_CONVERSION = YES;
				CLANG_WARN_DIRECT_OBJC_ISA_USAGE = YES_ERROR;
				CLANG_WARN_DOCUMENTATION_COMMENTS = YES;
				CLANG_WARN_EMPTY_BODY = YES;
				CLANG_WARN_ENUM_CONVERSION = YES;
				CLANG_WARN_INFINITE_RECURSION = YES;
				CLANG_WARN_INT_CONVERSION = YES;
				CLANG_WARN_OBJC_ROOT_CLASS = YES_ERROR;
				CLANG_WARN_SUSPICIOUS_MOVE = YES;
				CLANG_WARN_UNREACHABLE_CODE = YES;
				CLANG_WARN__DUPLICATE_METHOD_MATCH = YES;
				"CODE_SIGN_IDENTITY[sdk=iphoneos*]" = "iPhone Developer";
				COPY_PHASE_STRIP = NO;
				DEBUG_INFORMATION_FORMAT = "dwarf-with-dsym";
				ENABLE_NS_ASSERTIONS = NO;
				ENABLE_STRICT_OBJC_MSGSEND = YES;
				GCC_C_LANGUAGE_STANDARD = gnu99;
				GCC_NO_COMMON_BLOCKS = YES;
				GCC_WARN_64_TO_32_BIT_CONVERSION = YES;
				GCC_WARN_ABOUT_RETURN_TYPE = YES_ERROR;
				GCC_WARN_UNDECLARED_SELECTOR = YES;
				GCC_WARN_UNINITIALIZED_AUTOS = YES_AGGRESSIVE;
				GCC_WARN_UNUSED_FUNCTION = YES;
				GCC_WARN_UNUSED_VARIABLE = YES;
				IPHONEOS_DEPLOYMENT_TARGET = 10.3;
				MTL_ENABLE_DEBUG_INFO = NO;
				SDKROOT = iphoneos;
				SWIFT_OPTIMIZATION_LEVEL = "-Owholemodule";
				TARGETED_DEVICE_FAMILY = "1,2";
				VALIDATE_PRODUCT = YES;
			};
			name = Release;
		};
		D443F6AF1F6660E300C02484 /* Debug */ = {
			isa = XCBuildConfiguration;
			buildSettings = {
				ASSETCATALOG_COMPILER_APPICON_NAME = AppIcon;
				INFOPLIST_FILE = KeyedArchiverAppV1/Info.plist;
				LD_RUNPATH_SEARCH_PATHS = "$(inherited) @executable_path/Frameworks";
				PRODUCT_BUNDLE_IDENTIFIER = com.KeyedArchiverAppV1;
				PRODUCT_NAME = "$(TARGET_NAME)";
				SWIFT_VERSION = 3.0;
			};
			name = Debug;
		};
		D443F6B01F6660E300C02484 /* Release */ = {
			isa = XCBuildConfiguration;
			buildSettings = {
				ASSETCATALOG_COMPILER_APPICON_NAME = AppIcon;
				INFOPLIST_FILE = KeyedArchiverAppV1/Info.plist;
				LD_RUNPATH_SEARCH_PATHS = "$(inherited) @executable_path/Frameworks";
				PRODUCT_BUNDLE_IDENTIFIER = com.KeyedArchiverAppV1;
				PRODUCT_NAME = "$(TARGET_NAME)";
				SWIFT_VERSION = 3.0;
			};
			name = Release;
		};
/* End XCBuildConfiguration section */

/* Begin XCConfigurationList section */
		D443F6951F6660E300C02484 /* Build configuration list for PBXProject "KeyedArchiverAppV1" */ = {
			isa = XCConfigurationList;
			buildConfigurations = (
				D443F6AC1F6660E300C02484 /* Debug */,
				D443F6AD1F6660E300C02484 /* Release */,
			);
			defaultConfigurationIsVisible = 0;
			defaultConfigurationName = Release;
		};
		D443F6AE1F6660E300C02484 /* Build configuration list for PBXNativeTarget "KeyedArchiverAppV1" */ = {
			isa = XCConfigurationList;
			buildConfigurations = (
				D443F6AF1F6660E300C02484 /* Debug */,
				D443F6B01F6660E300C02484 /* Release */,
			);
			defaultConfigurationIsVisible = 0;
		};
/* End XCConfigurationList section */
	};
	rootObject = D443F6921F6660E300C02484 /* Project object */;
}
