// !$*UTF8*$!
{
	archiveVersion = 1;
	classes = {
	};
	objectVersion = 48;
	objects = {

/* Begin PBXBuildFile section */
		D9F12F061F900CAB00EF2028 /* AppDelegate.swift in Sources */ = {isa = PBXBuildFile; fileRef = D9F12F051F900CAB00EF2028 /* AppDelegate.swift */; };
		D9F12F081F900CAB00EF2028 /* ViewController.swift in Sources */ = {isa = PBXBuildFile; fileRef = D9F12F071F900CAB00EF2028 /* ViewController.swift */; };
		D9F12F0B1F900CAC00EF2028 /* Main.storyboard in Resources */ = {isa = PBXBuildFile; fileRef = D9F12F091F900CAC00EF2028 /* Main.storyboard */; };
		D9F12F0E1F900CAC00EF2028 /* KeyboardExtension.xcdatamodeld in Sources */ = {isa = PBXBuildFile; fileRef = D9F12F0C1F900CAC00EF2028 /* KeyboardExtension.xcdatamodeld */; };
		D9F12F101F900CAC00EF2028 /* Assets.xcassets in Resources */ = {isa = PBXBuildFile; fileRef = D9F12F0F1F900CAC00EF2028 /* Assets.xcassets */; };
		D9F12F131F900CAC00EF2028 /* LaunchScreen.storyboard in Resources */ = {isa = PBXBuildFile; fileRef = D9F12F111F900CAC00EF2028 /* LaunchScreen.storyboard */; };
		D9F12F211F902A6300EF2028 /* KeyboardViewController.swift in Sources */ = {isa = PBXBuildFile; fileRef = D9F12F201F902A6300EF2028 /* KeyboardViewController.swift */; };
		D9F12F251F902A6300EF2028 /* CustomKeyboard.appex in Embed App Extensions */ = {isa = PBXBuildFile; fileRef = D9F12F1E1F902A6300EF2028 /* CustomKeyboard.appex */; settings = {ATTRIBUTES = (RemoveHeadersOnCopy, ); }; };
/* End PBXBuildFile section */

/* Begin PBXContainerItemProxy section */
		D9F12F231F902A6300EF2028 /* PBXContainerItemProxy */ = {
			isa = PBXContainerItemProxy;
			containerPortal = D9F12EFA1F900CAB00EF2028 /* Project object */;
			proxyType = 1;
			remoteGlobalIDString = D9F12F1D1F902A6300EF2028;
			remoteInfo = CustomKeyboard;
		};
/* End PBXContainerItemProxy section */

/* Begin PBXCopyFilesBuildPhase section */
		D9F12F291F902A6300EF2028 /* Embed App Extensions */ = {
			isa = PBXCopyFilesBuildPhase;
			buildActionMask = 2147483647;
			dstPath = "";
			dstSubfolderSpec = 13;
			files = (
				D9F12F251F902A6300EF2028 /* CustomKeyboard.appex in Embed App Extensions */,
			);
			name = "Embed App Extensions";
			runOnlyForDeploymentPostprocessing = 0;
		};
/* End PBXCopyFilesBuildPhase section */

/* Begin PBXFileReference section */
		D9F12F021F900CAB00EF2028 /* KeyboardExtension.app */ = {isa = PBXFileReference; explicitFileType = wrapper.application; includeInIndex = 0; path = KeyboardExtension.app; sourceTree = BUILT_PRODUCTS_DIR; };
		D9F12F051F900CAB00EF2028 /* AppDelegate.swift */ = {isa = PBXFileReference; lastKnownFileType = sourcecode.swift; path = AppDelegate.swift; sourceTree = "<group>"; };
		D9F12F071F900CAB00EF2028 /* ViewController.swift */ = {isa = PBXFileReference; lastKnownFileType = sourcecode.swift; path = ViewController.swift; sourceTree = "<group>"; };
		D9F12F0A1F900CAC00EF2028 /* Base */ = {isa = PBXFileReference; lastKnownFileType = file.storyboard; name = Base; path = Base.lproj/Main.storyboard; sourceTree = "<group>"; };
		D9F12F0D1F900CAC00EF2028 /* KeyboardExtension.xcdatamodel */ = {isa = PBXFileReference; lastKnownFileType = wrapper.xcdatamodel; path = KeyboardExtension.xcdatamodel; sourceTree = "<group>"; };
		D9F12F0F1F900CAC00EF2028 /* Assets.xcassets */ = {isa = PBXFileReference; lastKnownFileType = folder.assetcatalog; path = Assets.xcassets; sourceTree = "<group>"; };
		D9F12F121F900CAC00EF2028 /* Base */ = {isa = PBXFileReference; lastKnownFileType = file.storyboard; name = Base; path = Base.lproj/LaunchScreen.storyboard; sourceTree = "<group>"; };
		D9F12F141F900CAC00EF2028 /* Info.plist */ = {isa = PBXFileReference; lastKnownFileType = text.plist.xml; path = Info.plist; sourceTree = "<group>"; };
		D9F12F1E1F902A6300EF2028 /* CustomKeyboard.appex */ = {isa = PBXFileReference; explicitFileType = "wrapper.app-extension"; includeInIndex = 0; path = CustomKeyboard.appex; sourceTree = BUILT_PRODUCTS_DIR; };
		D9F12F201F902A6300EF2028 /* KeyboardViewController.swift */ = {isa = PBXFileReference; lastKnownFileType = sourcecode.swift; path = KeyboardViewController.swift; sourceTree = "<group>"; };
		D9F12F221F902A6300EF2028 /* Info.plist */ = {isa = PBXFileReference; lastKnownFileType = text.plist.xml; path = Info.plist; sourceTree = "<group>"; };
/* End PBXFileReference section */

/* Begin PBXFrameworksBuildPhase section */
		D9F12EFF1F900CAB00EF2028 /* Frameworks */ = {
			isa = PBXFrameworksBuildPhase;
			buildActionMask = 2147483647;
			files = (
			);
			runOnlyForDeploymentPostprocessing = 0;
		};
		D9F12F1B1F902A6300EF2028 /* Frameworks */ = {
			isa = PBXFrameworksBuildPhase;
			buildActionMask = 2147483647;
			files = (
			);
			runOnlyForDeploymentPostprocessing = 0;
		};
/* End PBXFrameworksBuildPhase section */

/* Begin PBXGroup section */
		D9F12EF91F900CAB00EF2028 = {
			isa = PBXGroup;
			children = (
				D9F12F041F900CAB00EF2028 /* KeyboardExtension */,
				D9F12F1F1F902A6300EF2028 /* CustomKeyboard */,
				D9F12F031F900CAB00EF2028 /* Products */,
			);
			sourceTree = "<group>";
		};
		D9F12F031F900CAB00EF2028 /* Products */ = {
			isa = PBXGroup;
			children = (
				D9F12F021F900CAB00EF2028 /* KeyboardExtension.app */,
				D9F12F1E1F902A6300EF2028 /* CustomKeyboard.appex */,
			);
			name = Products;
			sourceTree = "<group>";
		};
		D9F12F041F900CAB00EF2028 /* KeyboardExtension */ = {
			isa = PBXGroup;
			children = (
				D9F12F051F900CAB00EF2028 /* AppDelegate.swift */,
				D9F12F071F900CAB00EF2028 /* ViewController.swift */,
				D9F12F091F900CAC00EF2028 /* Main.storyboard */,
				D9F12F0F1F900CAC00EF2028 /* Assets.xcassets */,
				D9F12F111F900CAC00EF2028 /* LaunchScreen.storyboard */,
				D9F12F141F900CAC00EF2028 /* Info.plist */,
				D9F12F0C1F900CAC00EF2028 /* KeyboardExtension.xcdatamodeld */,
			);
			path = KeyboardExtension;
			sourceTree = "<group>";
		};
		D9F12F1F1F902A6300EF2028 /* CustomKeyboard */ = {
			isa = PBXGroup;
			children = (
				D9F12F201F902A6300EF2028 /* KeyboardViewController.swift */,
				D9F12F221F902A6300EF2028 /* Info.plist */,
			);
			path = CustomKeyboard;
			sourceTree = "<group>";
		};
/* End PBXGroup section */

/* Begin PBXNativeTarget section */
		D9F12F011F900CAB00EF2028 /* KeyboardExtension */ = {
			isa = PBXNativeTarget;
			buildConfigurationList = D9F12F171F900CAC00EF2028 /* Build configuration list for PBXNativeTarget "KeyboardExtension" */;
			buildPhases = (
				D9F12EFE1F900CAB00EF2028 /* Sources */,
				D9F12EFF1F900CAB00EF2028 /* Frameworks */,
				D9F12F001F900CAB00EF2028 /* Resources */,
				D9F12F291F902A6300EF2028 /* Embed App Extensions */,
			);
			buildRules = (
			);
			dependencies = (
				D9F12F241F902A6300EF2028 /* PBXTargetDependency */,
			);
			name = KeyboardExtension;
			productName = KeyboardExtension;
			productReference = D9F12F021F900CAB00EF2028 /* KeyboardExtension.app */;
			productType = "com.apple.product-type.application";
		};
		D9F12F1D1F902A6300EF2028 /* CustomKeyboard */ = {
			isa = PBXNativeTarget;
			buildConfigurationList = D9F12F261F902A6300EF2028 /* Build configuration list for PBXNativeTarget "CustomKeyboard" */;
			buildPhases = (
				D9F12F1A1F902A6300EF2028 /* Sources */,
				D9F12F1B1F902A6300EF2028 /* Frameworks */,
				D9F12F1C1F902A6300EF2028 /* Resources */,
			);
			buildRules = (
			);
			dependencies = (
			);
			name = CustomKeyboard;
			productName = CustomKeyboard;
			productReference = D9F12F1E1F902A6300EF2028 /* CustomKeyboard.appex */;
			productType = "com.apple.product-type.app-extension";
		};
/* End PBXNativeTarget section */

/* Begin PBXProject section */
		D9F12EFA1F900CAB00EF2028 /* Project object */ = {
			isa = PBXProject;
			attributes = {
				LastSwiftUpdateCheck = 0900;
				LastUpgradeCheck = 0900;
				ORGANIZATIONNAME = "Robert Wong";
				TargetAttributes = {
					D9F12F011F900CAB00EF2028 = {
						CreatedOnToolsVersion = 9.0;
						ProvisioningStyle = Automatic;
					};
					D9F12F1D1F902A6300EF2028 = {
						CreatedOnToolsVersion = 9.0;
						ProvisioningStyle = Automatic;
					};
				};
			};
			buildConfigurationList = D9F12EFD1F900CAB00EF2028 /* Build configuration list for PBXProject "KeyboardExtension" */;
			compatibilityVersion = "Xcode 8.0";
			developmentRegion = en;
			hasScannedForEncodings = 0;
			knownRegions = (
				en,
				Base,
			);
			mainGroup = D9F12EF91F900CAB00EF2028;
			productRefGroup = D9F12F031F900CAB00EF2028 /* Products */;
			projectDirPath = "";
			projectRoot = "";
			targets = (
				D9F12F011F900CAB00EF2028 /* KeyboardExtension */,
				D9F12F1D1F902A6300EF2028 /* CustomKeyboard */,
			);
		};
/* End PBXProject section */

/* Begin PBXResourcesBuildPhase section */
		D9F12F001F900CAB00EF2028 /* Resources */ = {
			isa = PBXResourcesBuildPhase;
			buildActionMask = 2147483647;
			files = (
				D9F12F131F900CAC00EF2028 /* LaunchScreen.storyboard in Resources */,
				D9F12F101F900CAC00EF2028 /* Assets.xcassets in Resources */,
				D9F12F0B1F900CAC00EF2028 /* Main.storyboard in Resources */,
			);
			runOnlyForDeploymentPostprocessing = 0;
		};
		D9F12F1C1F902A6300EF2028 /* Resources */ = {
			isa = PBXResourcesBuildPhase;
			buildActionMask = 2147483647;
			files = (
			);
			runOnlyForDeploymentPostprocessing = 0;
		};
/* End PBXResourcesBuildPhase section */

/* Begin PBXSourcesBuildPhase section */
		D9F12EFE1F900CAB00EF2028 /* Sources */ = {
			isa = PBXSourcesBuildPhase;
			buildActionMask = 2147483647;
			files = (
				D9F12F081F900CAB00EF2028 /* ViewController.swift in Sources */,
				D9F12F061F900CAB00EF2028 /* AppDelegate.swift in Sources */,
				D9F12F0E1F900CAC00EF2028 /* KeyboardExtension.xcdatamodeld in Sources */,
			);
			runOnlyForDeploymentPostprocessing = 0;
		};
		D9F12F1A1F902A6300EF2028 /* Sources */ = {
			isa = PBXSourcesBuildPhase;
			buildActionMask = 2147483647;
			files = (
				D9F12F211F902A6300EF2028 /* KeyboardViewController.swift in Sources */,
			);
			runOnlyForDeploymentPostprocessing = 0;
		};
/* End PBXSourcesBuildPhase section */

/* Begin PBXTargetDependency section */
		D9F12F241F902A6300EF2028 /* PBXTargetDependency */ = {
			isa = PBXTargetDependency;
			target = D9F12F1D1F902A6300EF2028 /* CustomKeyboard */;
			targetProxy = D9F12F231F902A6300EF2028 /* PBXContainerItemProxy */;
		};
/* End PBXTargetDependency section */

/* Begin PBXVariantGroup section */
		D9F12F091F900CAC00EF2028 /* Main.storyboard */ = {
			isa = PBXVariantGroup;
			children = (
				D9F12F0A1F900CAC00EF2028 /* Base */,
			);
			name = Main.storyboard;
			sourceTree = "<group>";
		};
		D9F12F111F900CAC00EF2028 /* LaunchScreen.storyboard */ = {
			isa = PBXVariantGroup;
			children = (
				D9F12F121F900CAC00EF2028 /* Base */,
			);
			name = LaunchScreen.storyboard;
			sourceTree = "<group>";
		};
/* End PBXVariantGroup section */

/* Begin XCBuildConfiguration section */
		D9F12F151F900CAC00EF2028 /* Debug */ = {
			isa = XCBuildConfiguration;
			buildSettings = {
				ALWAYS_SEARCH_USER_PATHS = NO;
				CLANG_ANALYZER_NONNULL = YES;
				CLANG_ANALYZER_NUMBER_OBJECT_CONVERSION = YES_AGGRESSIVE;
				CLANG_CXX_LANGUAGE_STANDARD = "gnu++14";
				CLANG_CXX_LIBRARY = "libc++";
				CLANG_ENABLE_MODULES = YES;
				CLANG_ENABLE_OBJC_ARC = YES;
				CLANG_WARN_BLOCK_CAPTURE_AUTORELEASING = YES;
				CLANG_WARN_BOOL_CONVERSION = YES;
				CLANG_WARN_COMMA = YES;
				CLANG_WARN_CONSTANT_CONVERSION = YES;
				CLANG_WARN_DIRECT_OBJC_ISA_USAGE = YES_ERROR;
				CLANG_WARN_DOCUMENTATION_COMMENTS = YES;
				CLANG_WARN_EMPTY_BODY = YES;
				CLANG_WARN_ENUM_CONVERSION = YES;
				CLANG_WARN_INFINITE_RECURSION = YES;
				CLANG_WARN_INT_CONVERSION = YES;
				CLANG_WARN_NON_LITERAL_NULL_CONVERSION = YES;
				CLANG_WARN_OBJC_LITERAL_CONVERSION = YES;
				CLANG_WARN_OBJC_ROOT_CLASS = YES_ERROR;
				CLANG_WARN_RANGE_LOOP_ANALYSIS = YES;
				CLANG_WARN_STRICT_PROTOTYPES = YES;
				CLANG_WARN_SUSPICIOUS_MOVE = YES;
				CLANG_WARN_UNGUARDED_AVAILABILITY = YES_AGGRESSIVE;
				CLANG_WARN_UNREACHABLE_CODE = YES;
				CLANG_WARN__DUPLICATE_METHOD_MATCH = YES;
				CODE_SIGN_IDENTITY = "iPhone Developer";
				COPY_PHASE_STRIP = NO;
				DEBUG_INFORMATION_FORMAT = dwarf;
				ENABLE_STRICT_OBJC_MSGSEND = YES;
				ENABLE_TESTABILITY = YES;
				GCC_C_LANGUAGE_STANDARD = gnu11;
				GCC_DYNAMIC_NO_PIC = NO;
				GCC_NO_COMMON_BLOCKS = YES;
				GCC_OPTIMIZATION_LEVEL = 0;
				GCC_PREPROCESSOR_DEFINITIONS = (
					"DEBUG=1",
					"$(inherited)",
				);
				GCC_WARN_64_TO_32_BIT_CONVERSION = YES;
				GCC_WARN_ABOUT_RETURN_TYPE = YES_ERROR;
				GCC_WARN_UNDECLARED_SELECTOR = YES;
				GCC_WARN_UNINITIALIZED_AUTOS = YES_AGGRESSIVE;
				GCC_WARN_UNUSED_FUNCTION = YES;
				GCC_WARN_UNUSED_VARIABLE = YES;
				IPHONEOS_DEPLOYMENT_TARGET = 11.0;
				MTL_ENABLE_DEBUG_INFO = YES;
				ONLY_ACTIVE_ARCH = YES;
				SDKROOT = iphoneos;
				SWIFT_ACTIVE_COMPILATION_CONDITIONS = DEBUG;
				SWIFT_OPTIMIZATION_LEVEL = "-Onone";
			};
			name = Debug;
		};
		D9F12F161F900CAC00EF2028 /* Release */ = {
			isa = XCBuildConfiguration;
			buildSettings = {
				ALWAYS_SEARCH_USER_PATHS = NO;
				CLANG_ANALYZER_NONNULL = YES;
				CLANG_ANALYZER_NUMBER_OBJECT_CONVERSION = YES_AGGRESSIVE;
				CLANG_CXX_LANGUAGE_STANDARD = "gnu++14";
				CLANG_CXX_LIBRARY = "libc++";
				CLANG_ENABLE_MODULES = YES;
				CLANG_ENABLE_OBJC_ARC = YES;
				CLANG_WARN_BLOCK_CAPTURE_AUTORELEASING = YES;
				CLANG_WARN_BOOL_CONVERSION = YES;
				CLANG_WARN_COMMA = YES;
				CLANG_WARN_CONSTANT_CONVERSION = YES;
				CLANG_WARN_DIRECT_OBJC_ISA_USAGE = YES_ERROR;
				CLANG_WARN_DOCUMENTATION_COMMENTS = YES;
				CLANG_WARN_EMPTY_BODY = YES;
				CLANG_WARN_ENUM_CONVERSION = YES;
				CLANG_WARN_INFINITE_RECURSION = YES;
				CLANG_WARN_INT_CONVERSION = YES;
				CLANG_WARN_NON_LITERAL_NULL_CONVERSION = YES;
				CLANG_WARN_OBJC_LITERAL_CONVERSION = YES;
				CLANG_WARN_OBJC_ROOT_CLASS = YES_ERROR;
				CLANG_WARN_RANGE_LOOP_ANALYSIS = YES;
				CLANG_WARN_STRICT_PROTOTYPES = YES;
				CLANG_WARN_SUSPICIOUS_MOVE = YES;
				CLANG_WARN_UNGUARDED_AVAILABILITY = YES_AGGRESSIVE;
				CLANG_WARN_UNREACHABLE_CODE = YES;
				CLANG_WARN__DUPLICATE_METHOD_MATCH = YES;
				CODE_SIGN_IDENTITY = "iPhone Developer";
				COPY_PHASE_STRIP = NO;
				DEBUG_INFORMATION_FORMAT = "dwarf-with-dsym";
				ENABLE_NS_ASSERTIONS = NO;
				ENABLE_STRICT_OBJC_MSGSEND = YES;
				GCC_C_LANGUAGE_STANDARD = gnu11;
				GCC_NO_COMMON_BLOCKS = YES;
				GCC_WARN_64_TO_32_BIT_CONVERSION = YES;
				GCC_WARN_ABOUT_RETURN_TYPE = YES_ERROR;
				GCC_WARN_UNDECLARED_SELECTOR = YES;
				GCC_WARN_UNINITIALIZED_AUTOS = YES_AGGRESSIVE;
				GCC_WARN_UNUSED_FUNCTION = YES;
				GCC_WARN_UNUSED_VARIABLE = YES;
				IPHONEOS_DEPLOYMENT_TARGET = 11.0;
				MTL_ENABLE_DEBUG_INFO = NO;
				SDKROOT = iphoneos;
				SWIFT_OPTIMIZATION_LEVEL = "-Owholemodule";
				VALIDATE_PRODUCT = YES;
			};
			name = Release;
		};
		D9F12F181F900CAC00EF2028 /* Debug */ = {
			isa = XCBuildConfiguration;
			buildSettings = {
				ALWAYS_EMBED_SWIFT_STANDARD_LIBRARIES = YES;
				ASSETCATALOG_COMPILER_APPICON_NAME = AppIcon;
				CODE_SIGN_STYLE = Automatic;
				INFOPLIST_FILE = KeyboardExtension/Info.plist;
				LD_RUNPATH_SEARCH_PATHS = "$(inherited) @executable_path/Frameworks";
				PRODUCT_BUNDLE_IDENTIFIER = com.KeyboardExtension;
				PRODUCT_NAME = "$(TARGET_NAME)";
				SWIFT_VERSION = 4.0;
				TARGETED_DEVICE_FAMILY = "1,2";
			};
			name = Debug;
		};
		D9F12F191F900CAC00EF2028 /* Release */ = {
			isa = XCBuildConfiguration;
			buildSettings = {
				ALWAYS_EMBED_SWIFT_STANDARD_LIBRARIES = YES;
				ASSETCATALOG_COMPILER_APPICON_NAME = AppIcon;
				CODE_SIGN_STYLE = Automatic;
				INFOPLIST_FILE = KeyboardExtension/Info.plist;
				LD_RUNPATH_SEARCH_PATHS = "$(inherited) @executable_path/Frameworks";
				PRODUCT_BUNDLE_IDENTIFIER = com.KeyboardExtension;
				PRODUCT_NAME = "$(TARGET_NAME)";
				SWIFT_VERSION = 4.0;
				TARGETED_DEVICE_FAMILY = "1,2";
			};
			name = Release;
		};
		D9F12F271F902A6300EF2028 /* Debug */ = {
			isa = XCBuildConfiguration;
			buildSettings = {
				CODE_SIGN_STYLE = Automatic;
				INFOPLIST_FILE = CustomKeyboard/Info.plist;
				LD_RUNPATH_SEARCH_PATHS = "$(inherited) @executable_path/Frameworks @executable_path/../../Frameworks";
				PRODUCT_BUNDLE_IDENTIFIER = com.KeyboardExtension.CustomKeyboard;
				PRODUCT_NAME = "$(TARGET_NAME)";
				SKIP_INSTALL = YES;
				SWIFT_VERSION = 4.0;
				TARGETED_DEVICE_FAMILY = "1,2";
			};
			name = Debug;
		};
		D9F12F281F902A6300EF2028 /* Release */ = {
			isa = XCBuildConfiguration;
			buildSettings = {
				CODE_SIGN_STYLE = Automatic;
				INFOPLIST_FILE = CustomKeyboard/Info.plist;
				LD_RUNPATH_SEARCH_PATHS = "$(inherited) @executable_path/Frameworks @executable_path/../../Frameworks";
				PRODUCT_BUNDLE_IDENTIFIER = com.KeyboardExtension.CustomKeyboard;
				PRODUCT_NAME = "$(TARGET_NAME)";
				SKIP_INSTALL = YES;
				SWIFT_VERSION = 4.0;
				TARGETED_DEVICE_FAMILY = "1,2";
			};
			name = Release;
		};
/* End XCBuildConfiguration section */

/* Begin XCConfigurationList section */
		D9F12EFD1F900CAB00EF2028 /* Build configuration list for PBXProject "KeyboardExtension" */ = {
			isa = XCConfigurationList;
			buildConfigurations = (
				D9F12F151F900CAC00EF2028 /* Debug */,
				D9F12F161F900CAC00EF2028 /* Release */,
			);
			defaultConfigurationIsVisible = 0;
			defaultConfigurationName = Release;
		};
		D9F12F171F900CAC00EF2028 /* Build configuration list for PBXNativeTarget "KeyboardExtension" */ = {
			isa = XCConfigurationList;
			buildConfigurations = (
				D9F12F181F900CAC00EF2028 /* Debug */,
				D9F12F191F900CAC00EF2028 /* Release */,
			);
			defaultConfigurationIsVisible = 0;
			defaultConfigurationName = Release;
		};
		D9F12F261F902A6300EF2028 /* Build configuration list for PBXNativeTarget "CustomKeyboard" */ = {
			isa = XCConfigurationList;
			buildConfigurations = (
				D9F12F271F902A6300EF2028 /* Debug */,
				D9F12F281F902A6300EF2028 /* Release */,
			);
			defaultConfigurationIsVisible = 0;
			defaultConfigurationName = Release;
		};
/* End XCConfigurationList section */

/* Begin XCVersionGroup section */
		D9F12F0C1F900CAC00EF2028 /* KeyboardExtension.xcdatamodeld */ = {
			isa = XCVersionGroup;
			children = (
				D9F12F0D1F900CAC00EF2028 /* KeyboardExtension.xcdatamodel */,
			);
			currentVersion = D9F12F0D1F900CAC00EF2028 /* KeyboardExtension.xcdatamodel */;
			path = KeyboardExtension.xcdatamodeld;
			sourceTree = "<group>";
			versionGroupType = wrapper.xcdatamodel;
		};
/* End XCVersionGroup section */
	};
	rootObject = D9F12EFA1F900CAB00EF2028 /* Project object */;
}
