// !$*UTF8*$!
{
	archiveVersion = 1;
	classes = {
	};
	objectVersion = 46;
	objects = {

/* Begin PBXBuildFile section */
		D439078D1F32D28C006B1EBF /* AppDelegate.swift in Sources */ = {isa = PBXBuildFile; fileRef = D439078C1F32D28C006B1EBF /* AppDelegate.swift */; };
		D439078F1F32D28C006B1EBF /* ViewController.swift in Sources */ = {isa = PBXBuildFile; fileRef = D439078E1F32D28C006B1EBF /* ViewController.swift */; };
		D43907921F32D28C006B1EBF /* Main.storyboard in Resources */ = {isa = PBXBuildFile; fileRef = D43907901F32D28C006B1EBF /* Main.storyboard */; };
		D43907941F32D28C006B1EBF /* Assets.xcassets in Resources */ = {isa = PBXBuildFile; fileRef = D43907931F32D28C006B1EBF /* Assets.xcassets */; };
		D43907971F32D28C006B1EBF /* LaunchScreen.storyboard in Resources */ = {isa = PBXBuildFile; fileRef = D43907951F32D28C006B1EBF /* LaunchScreen.storyboard */; };
		D439079F1F32D3AF006B1EBF /* IconButton.swift in Sources */ = {isa = PBXBuildFile; fileRef = D439079E1F32D3AF006B1EBF /* IconButton.swift */; };
		D43907A11F32D496006B1EBF /* Contacts-50.png in Resources */ = {isa = PBXBuildFile; fileRef = D43907A01F32D496006B1EBF /* Contacts-50.png */; };
/* End PBXBuildFile section */

/* Begin PBXFileReference section */
		D43907891F32D28C006B1EBF /* CustomControlDemo.app */ = {isa = PBXFileReference; explicitFileType = wrapper.application; includeInIndex = 0; path = CustomControlDemo.app; sourceTree = BUILT_PRODUCTS_DIR; };
		D439078C1F32D28C006B1EBF /* AppDelegate.swift */ = {isa = PBXFileReference; lastKnownFileType = sourcecode.swift; path = AppDelegate.swift; sourceTree = "<group>"; };
		D439078E1F32D28C006B1EBF /* ViewController.swift */ = {isa = PBXFileReference; lastKnownFileType = sourcecode.swift; path = ViewController.swift; sourceTree = "<group>"; };
		D43907911F32D28C006B1EBF /* Base */ = {isa = PBXFileReference; lastKnownFileType = file.storyboard; name = Base; path = Base.lproj/Main.storyboard; sourceTree = "<group>"; };
		D43907931F32D28C006B1EBF /* Assets.xcassets */ = {isa = PBXFileReference; lastKnownFileType = folder.assetcatalog; path = Assets.xcassets; sourceTree = "<group>"; };
		D43907961F32D28C006B1EBF /* Base */ = {isa = PBXFileReference; lastKnownFileType = file.storyboard; name = Base; path = Base.lproj/LaunchScreen.storyboard; sourceTree = "<group>"; };
		D43907981F32D28C006B1EBF /* Info.plist */ = {isa = PBXFileReference; lastKnownFileType = text.plist.xml; path = Info.plist; sourceTree = "<group>"; };
		D439079E1F32D3AF006B1EBF /* IconButton.swift */ = {isa = PBXFileReference; fileEncoding = 4; lastKnownFileType = sourcecode.swift; name = IconButton.swift; path = ../IconButton.swift; sourceTree = "<group>"; };
		D43907A01F32D496006B1EBF /* Contacts-50.png */ = {isa = PBXFileReference; lastKnownFileType = image.png; path = "Contacts-50.png"; sourceTree = "<group>"; };
/* End PBXFileReference section */

/* Begin PBXFrameworksBuildPhase section */
		D43907861F32D28C006B1EBF /* Frameworks */ = {
			isa = PBXFrameworksBuildPhase;
			buildActionMask = 2147483647;
			files = (
			);
			runOnlyForDeploymentPostprocessing = 0;
		};
/* End PBXFrameworksBuildPhase section */

/* Begin PBXGroup section */
		D43907801F32D28C006B1EBF = {
			isa = PBXGroup;
			children = (
				D439078B1F32D28C006B1EBF /* CustomControlDemo */,
				D439078A1F32D28C006B1EBF /* Products */,
			);
			sourceTree = "<group>";
		};
		D439078A1F32D28C006B1EBF /* Products */ = {
			isa = PBXGroup;
			children = (
				D43907891F32D28C006B1EBF /* CustomControlDemo.app */,
			);
			name = Products;
			sourceTree = "<group>";
		};
		D439078B1F32D28C006B1EBF /* CustomControlDemo */ = {
			isa = PBXGroup;
			children = (
				D439079E1F32D3AF006B1EBF /* IconButton.swift */,
				D439078C1F32D28C006B1EBF /* AppDelegate.swift */,
				D439078E1F32D28C006B1EBF /* ViewController.swift */,
				D43907901F32D28C006B1EBF /* Main.storyboard */,
				D43907A01F32D496006B1EBF /* Contacts-50.png */,
				D43907931F32D28C006B1EBF /* Assets.xcassets */,
				D43907951F32D28C006B1EBF /* LaunchScreen.storyboard */,
				D43907981F32D28C006B1EBF /* Info.plist */,
			);
			path = CustomControlDemo;
			sourceTree = "<group>";
		};
/* End PBXGroup section */

/* Begin PBXNativeTarget section */
		D43907881F32D28C006B1EBF /* CustomControlDemo */ = {
			isa = PBXNativeTarget;
			buildConfigurationList = D439079B1F32D28C006B1EBF /* Build configuration list for PBXNativeTarget "CustomControlDemo" */;
			buildPhases = (
				D43907851F32D28C006B1EBF /* Sources */,
				D43907861F32D28C006B1EBF /* Frameworks */,
				D43907871F32D28C006B1EBF /* Resources */,
			);
			buildRules = (
			);
			dependencies = (
			);
			name = CustomControlDemo;
			productName = CustomControlDemo;
			productReference = D43907891F32D28C006B1EBF /* CustomControlDemo.app */;
			productType = "com.apple.product-type.application";
		};
/* End PBXNativeTarget section */

/* Begin PBXProject section */
		D43907811F32D28C006B1EBF /* Project object */ = {
			isa = PBXProject;
			attributes = {
				LastSwiftUpdateCheck = 0830;
				LastUpgradeCheck = 0830;
				ORGANIZATIONNAME = "Robert Wong";
				TargetAttributes = {
					D43907881F32D28C006B1EBF = {
						CreatedOnToolsVersion = 8.3.3;
						ProvisioningStyle = Automatic;
					};
				};
			};
			buildConfigurationList = D43907841F32D28C006B1EBF /* Build configuration list for PBXProject "CustomControlDemo" */;
			compatibilityVersion = "Xcode 3.2";
			developmentRegion = English;
			hasScannedForEncodings = 0;
			knownRegions = (
				en,
				Base,
			);
			mainGroup = D43907801F32D28C006B1EBF;
			productRefGroup = D439078A1F32D28C006B1EBF /* Products */;
			projectDirPath = "";
			projectRoot = "";
			targets = (
				D43907881F32D28C006B1EBF /* CustomControlDemo */,
			);
		};
/* End PBXProject section */

/* Begin PBXResourcesBuildPhase section */
		D43907871F32D28C006B1EBF /* Resources */ = {
			isa = PBXResourcesBuildPhase;
			buildActionMask = 2147483647;
			files = (
				D43907971F32D28C006B1EBF /* LaunchScreen.storyboard in Resources */,
				D43907941F32D28C006B1EBF /* Assets.xcassets in Resources */,
				D43907921F32D28C006B1EBF /* Main.storyboard in Resources */,
				D43907A11F32D496006B1EBF /* Contacts-50.png in Resources */,
			);
			runOnlyForDeploymentPostprocessing = 0;
		};
/* End PBXResourcesBuildPhase section */

/* Begin PBXSourcesBuildPhase section */
		D43907851F32D28C006B1EBF /* Sources */ = {
			isa = PBXSourcesBuildPhase;
			buildActionMask = 2147483647;
			files = (
				D439079F1F32D3AF006B1EBF /* IconButton.swift in Sources */,
				D439078F1F32D28C006B1EBF /* ViewController.swift in Sources */,
				D439078D1F32D28C006B1EBF /* AppDelegate.swift in Sources */,
			);
			runOnlyForDeploymentPostprocessing = 0;
		};
/* End PBXSourcesBuildPhase section */

/* Begin PBXVariantGroup section */
		D43907901F32D28C006B1EBF /* Main.storyboard */ = {
			isa = PBXVariantGroup;
			children = (
				D43907911F32D28C006B1EBF /* Base */,
			);
			name = Main.storyboard;
			sourceTree = "<group>";
		};
		D43907951F32D28C006B1EBF /* LaunchScreen.storyboard */ = {
			isa = PBXVariantGroup;
			children = (
				D43907961F32D28C006B1EBF /* Base */,
			);
			name = LaunchScreen.storyboard;
			sourceTree = "<group>";
		};
/* End PBXVariantGroup section */

/* Begin XCBuildConfiguration section */
		D43907991F32D28C006B1EBF /* Debug */ = {
			isa = XCBuildConfiguration;
			buildSettings = {
				ALWAYS_SEARCH_USER_PATHS = NO;
				CLANG_ANALYZER_NONNULL = YES;
				CLANG_ANALYZER_NUMBER_OBJECT_CONVERSION = YES_AGGRESSIVE;
				CLANG_CXX_LANGUAGE_STANDARD = "gnu++0x";
				CLANG_CXX_LIBRARY = "libc++";
				CLANG_ENABLE_MODULES = YES;
				CLANG_ENABLE_OBJC_ARC = YES;
				CLANG_WARN_BOOL_CONVERSION = YES;
				CLANG_WARN_CONSTANT_CONVERSION = YES;
				CLANG_WARN_DIRECT_OBJC_ISA_USAGE = YES_ERROR;
				CLANG_WARN_DOCUMENTATION_COMMENTS = YES;
				CLANG_WARN_EMPTY_BODY = YES;
				CLANG_WARN_ENUM_CONVERSION = YES;
				CLANG_WARN_INFINITE_RECURSION = YES;
				CLANG_WARN_INT_CONVERSION = YES;
				CLANG_WARN_OBJC_ROOT_CLASS = YES_ERROR;
				CLANG_WARN_SUSPICIOUS_MOVE = YES;
				CLANG_WARN_UNREACHABLE_CODE = YES;
				CLANG_WARN__DUPLICATE_METHOD_MATCH = YES;
				"CODE_SIGN_IDENTITY[sdk=iphoneos*]" = "iPhone Developer";
				COPY_PHASE_STRIP = NO;
				DEBUG_INFORMATION_FORMAT = dwarf;
				ENABLE_STRICT_OBJC_MSGSEND = YES;
				ENABLE_TESTABILITY = YES;
				GCC_C_LANGUAGE_STANDARD = gnu99;
				GCC_DYNAMIC_NO_PIC = NO;
				GCC_NO_COMMON_BLOCKS = YES;
				GCC_OPTIMIZATION_LEVEL = 0;
				GCC_PREPROCESSOR_DEFINITIONS = (
					"DEBUG=1",
					"$(inherited)",
				);
				GCC_WARN_64_TO_32_BIT_CONVERSION = YES;
				GCC_WARN_ABOUT_RETURN_TYPE = YES_ERROR;
				GCC_WARN_UNDECLARED_SELECTOR = YES;
				GCC_WARN_UNINITIALIZED_AUTOS = YES_AGGRESSIVE;
				GCC_WARN_UNUSED_FUNCTION = YES;
				GCC_WARN_UNUSED_VARIABLE = YES;
				IPHONEOS_DEPLOYMENT_TARGET = 10.3;
				MTL_ENABLE_DEBUG_INFO = YES;
				ONLY_ACTIVE_ARCH = YES;
				SDKROOT = iphoneos;
				SWIFT_ACTIVE_COMPILATION_CONDITIONS = DEBUG;
				SWIFT_OPTIMIZATION_LEVEL = "-Onone";
				TARGETED_DEVICE_FAMILY = "1,2";
			};
			name = Debug;
		};
		D439079A1F32D28C006B1EBF /* Release */ = {
			isa = XCBuildConfiguration;
			buildSettings = {
				ALWAYS_SEARCH_USER_PATHS = NO;
				CLANG_ANALYZER_NONNULL = YES;
				CLANG_ANALYZER_NUMBER_OBJECT_CONVERSION = YES_AGGRESSIVE;
				CLANG_CXX_LANGUAGE_STANDARD = "gnu++0x";
				CLANG_CXX_LIBRARY = "libc++";
				CLANG_ENABLE_MODULES = YES;
				CLANG_ENABLE_OBJC_ARC = YES;
				CLANG_WARN_BOOL_CONVERSION = YES;
				CLANG_WARN_CONSTANT_CONVERSION = YES;
				CLANG_WARN_DIRECT_OBJC_ISA_USAGE = YES_ERROR;
				CLANG_WARN_DOCUMENTATION_COMMENTS = YES;
				CLANG_WARN_EMPTY_BODY = YES;
				CLANG_WARN_ENUM_CONVERSION = YES;
				CLANG_WARN_INFINITE_RECURSION = YES;
				CLANG_WARN_INT_CONVERSION = YES;
				CLANG_WARN_OBJC_ROOT_CLASS = YES_ERROR;
				CLANG_WARN_SUSPICIOUS_MOVE = YES;
				CLANG_WARN_UNREACHABLE_CODE = YES;
				CLANG_WARN__DUPLICATE_METHOD_MATCH = YES;
				"CODE_SIGN_IDENTITY[sdk=iphoneos*]" = "iPhone Developer";
				COPY_PHASE_STRIP = NO;
				DEBUG_INFORMATION_FORMAT = "dwarf-with-dsym";
				ENABLE_NS_ASSERTIONS = NO;
				ENABLE_STRICT_OBJC_MSGSEND = YES;
				GCC_C_LANGUAGE_STANDARD = gnu99;
				GCC_NO_COMMON_BLOCKS = YES;
				GCC_WARN_64_TO_32_BIT_CONVERSION = YES;
				GCC_WARN_ABOUT_RETURN_TYPE = YES_ERROR;
				GCC_WARN_UNDECLARED_SELECTOR = YES;
				GCC_WARN_UNINITIALIZED_AUTOS = YES_AGGRESSIVE;
				GCC_WARN_UNUSED_FUNCTION = YES;
				GCC_WARN_UNUSED_VARIABLE = YES;
				IPHONEOS_DEPLOYMENT_TARGET = 10.3;
				MTL_ENABLE_DEBUG_INFO = NO;
				SDKROOT = iphoneos;
				SWIFT_OPTIMIZATION_LEVEL = "-Owholemodule";
				TARGETED_DEVICE_FAMILY = "1,2";
				VALIDATE_PRODUCT = YES;
			};
			name = Release;
		};
		D439079C1F32D28C006B1EBF /* Debug */ = {
			isa = XCBuildConfiguration;
			buildSettings = {
				ASSETCATALOG_COMPILER_APPICON_NAME = AppIcon;
				INFOPLIST_FILE = CustomControlDemo/Info.plist;
				LD_RUNPATH_SEARCH_PATHS = "$(inherited) @executable_path/Frameworks";
				PRODUCT_BUNDLE_IDENTIFIER = com.CustomControlDemo;
				PRODUCT_NAME = "$(TARGET_NAME)";
				SWIFT_VERSION = 3.0;
			};
			name = Debug;
		};
		D439079D1F32D28C006B1EBF /* Release */ = {
			isa = XCBuildConfiguration;
			buildSettings = {
				ASSETCATALOG_COMPILER_APPICON_NAME = AppIcon;
				INFOPLIST_FILE = CustomControlDemo/Info.plist;
				LD_RUNPATH_SEARCH_PATHS = "$(inherited) @executable_path/Frameworks";
				PRODUCT_BUNDLE_IDENTIFIER = com.CustomControlDemo;
				PRODUCT_NAME = "$(TARGET_NAME)";
				SWIFT_VERSION = 3.0;
			};
			name = Release;
		};
/* End XCBuildConfiguration section */

/* Begin XCConfigurationList section */
		D43907841F32D28C006B1EBF /* Build configuration list for PBXProject "CustomControlDemo" */ = {
			isa = XCConfigurationList;
			buildConfigurations = (
				D43907991F32D28C006B1EBF /* Debug */,
				D439079A1F32D28C006B1EBF /* Release */,
			);
			defaultConfigurationIsVisible = 0;
			defaultConfigurationName = Release;
		};
		D439079B1F32D28C006B1EBF /* Build configuration list for PBXNativeTarget "CustomControlDemo" */ = {
			isa = XCConfigurationList;
			buildConfigurations = (
				D439079C1F32D28C006B1EBF /* Debug */,
				D439079D1F32D28C006B1EBF /* Release */,
			);
			defaultConfigurationIsVisible = 0;
		};
/* End XCConfigurationList section */
	};
	rootObject = D43907811F32D28C006B1EBF /* Project object */;
}
