PODS:
  - InMobiSDK (7.0.4)
  - StartAppSDK (3.6.0)

DEPENDENCIES:
  - InMobiSDK
  - StartAppSDK

SPEC CHECKSUMS:
  InMobiSDK: 71c77f9f07260fe6d7cabf789d071e50007c7546
  StartAppSDK: d747b184919c65b0e04d15333e1bc424721ef323

PODFILE CHECKSUM: 9a16d940ae49dc28fc8977022e02db185a7232db

COCOAPODS: 1.3.1
