// !$*UTF8*$!
{
	archiveVersion = 1;
	classes = {
	};
	objectVersion = 46;
	objects = {

/* Begin PBXBuildFile section */
		D45FA8451F59C12300A277CA /* AppDelegate.swift in Sources */ = {isa = PBXBuildFile; fileRef = D45FA8441F59C12300A277CA /* AppDelegate.swift */; };
		D45FA8471F59C12300A277CA /* ViewController.swift in Sources */ = {isa = PBXBuildFile; fileRef = D45FA8461F59C12300A277CA /* ViewController.swift */; };
		D45FA84A1F59C12300A277CA /* Main.storyboard in Resources */ = {isa = PBXBuildFile; fileRef = D45FA8481F59C12300A277CA /* Main.storyboard */; };
		D45FA84C1F59C12300A277CA /* Assets.xcassets in Resources */ = {isa = PBXBuildFile; fileRef = D45FA84B1F59C12300A277CA /* Assets.xcassets */; };
		D45FA84F1F59C12300A277CA /* LaunchScreen.storyboard in Resources */ = {isa = PBXBuildFile; fileRef = D45FA84D1F59C12300A277CA /* LaunchScreen.storyboard */; };
		D45FA8591F5A620700A277CA /* ShowDataViewController.swift in Sources */ = {isa = PBXBuildFile; fileRef = D45FA8581F5A620700A277CA /* ShowDataViewController.swift */; };
		D45FA85D1F5B3DE700A277CA /* Settings.bundle in Resources */ = {isa = PBXBuildFile; fileRef = D45FA85C1F5B3DE700A277CA /* Settings.bundle */; };
/* End PBXBuildFile section */

/* Begin PBXFileReference section */
		D45FA8411F59C12300A277CA /* PreferencesAppV1.app */ = {isa = PBXFileReference; explicitFileType = wrapper.application; includeInIndex = 0; path = PreferencesAppV1.app; sourceTree = BUILT_PRODUCTS_DIR; };
		D45FA8441F59C12300A277CA /* AppDelegate.swift */ = {isa = PBXFileReference; lastKnownFileType = sourcecode.swift; path = AppDelegate.swift; sourceTree = "<group>"; };
		D45FA8461F59C12300A277CA /* ViewController.swift */ = {isa = PBXFileReference; lastKnownFileType = sourcecode.swift; path = ViewController.swift; sourceTree = "<group>"; };
		D45FA8491F59C12300A277CA /* Base */ = {isa = PBXFileReference; lastKnownFileType = file.storyboard; name = Base; path = Base.lproj/Main.storyboard; sourceTree = "<group>"; };
		D45FA84B1F59C12300A277CA /* Assets.xcassets */ = {isa = PBXFileReference; lastKnownFileType = folder.assetcatalog; path = Assets.xcassets; sourceTree = "<group>"; };
		D45FA84E1F59C12300A277CA /* Base */ = {isa = PBXFileReference; lastKnownFileType = file.storyboard; name = Base; path = Base.lproj/LaunchScreen.storyboard; sourceTree = "<group>"; };
		D45FA8501F59C12300A277CA /* Info.plist */ = {isa = PBXFileReference; lastKnownFileType = text.plist.xml; path = Info.plist; sourceTree = "<group>"; };
		D45FA8581F5A620700A277CA /* ShowDataViewController.swift */ = {isa = PBXFileReference; fileEncoding = 4; lastKnownFileType = sourcecode.swift; path = ShowDataViewController.swift; sourceTree = "<group>"; };
		D45FA85C1F5B3DE700A277CA /* Settings.bundle */ = {isa = PBXFileReference; lastKnownFileType = "wrapper.plug-in"; path = Settings.bundle; sourceTree = "<group>"; };
/* End PBXFileReference section */

/* Begin PBXFrameworksBuildPhase section */
		D45FA83E1F59C12300A277CA /* Frameworks */ = {
			isa = PBXFrameworksBuildPhase;
			buildActionMask = 2147483647;
			files = (
			);
			runOnlyForDeploymentPostprocessing = 0;
		};
/* End PBXFrameworksBuildPhase section */

/* Begin PBXGroup section */
		D45FA8381F59C12300A277CA = {
			isa = PBXGroup;
			children = (
				D45FA8431F59C12300A277CA /* PreferencesAppV1 */,
				D45FA8421F59C12300A277CA /* Products */,
			);
			sourceTree = "<group>";
		};
		D45FA8421F59C12300A277CA /* Products */ = {
			isa = PBXGroup;
			children = (
				D45FA8411F59C12300A277CA /* PreferencesAppV1.app */,
			);
			name = Products;
			sourceTree = "<group>";
		};
		D45FA8431F59C12300A277CA /* PreferencesAppV1 */ = {
			isa = PBXGroup;
			children = (
				D45FA8441F59C12300A277CA /* AppDelegate.swift */,
				D45FA8481F59C12300A277CA /* Main.storyboard */,
				D45FA8581F5A620700A277CA /* ShowDataViewController.swift */,
				D45FA8461F59C12300A277CA /* ViewController.swift */,
				D45FA84B1F59C12300A277CA /* Assets.xcassets */,
				D45FA84D1F59C12300A277CA /* LaunchScreen.storyboard */,
				D45FA85C1F5B3DE700A277CA /* Settings.bundle */,
				D45FA8501F59C12300A277CA /* Info.plist */,
			);
			path = PreferencesAppV1;
			sourceTree = "<group>";
		};
/* End PBXGroup section */

/* Begin PBXNativeTarget section */
		D45FA8401F59C12300A277CA /* PreferencesAppV1 */ = {
			isa = PBXNativeTarget;
			buildConfigurationList = D45FA8531F59C12300A277CA /* Build configuration list for PBXNativeTarget "PreferencesAppV1" */;
			buildPhases = (
				D45FA83D1F59C12300A277CA /* Sources */,
				D45FA83E1F59C12300A277CA /* Frameworks */,
				D45FA83F1F59C12300A277CA /* Resources */,
			);
			buildRules = (
			);
			dependencies = (
			);
			name = PreferencesAppV1;
			productName = PreferencesAppV1;
			productReference = D45FA8411F59C12300A277CA /* PreferencesAppV1.app */;
			productType = "com.apple.product-type.application";
		};
/* End PBXNativeTarget section */

/* Begin PBXProject section */
		D45FA8391F59C12300A277CA /* Project object */ = {
			isa = PBXProject;
			attributes = {
				LastSwiftUpdateCheck = 0830;
				LastUpgradeCheck = 0830;
				ORGANIZATIONNAME = "Robert Wong";
				TargetAttributes = {
					D45FA8401F59C12300A277CA = {
						CreatedOnToolsVersion = 8.3.3;
						ProvisioningStyle = Automatic;
					};
				};
			};
			buildConfigurationList = D45FA83C1F59C12300A277CA /* Build configuration list for PBXProject "PreferencesAppV1" */;
			compatibilityVersion = "Xcode 3.2";
			developmentRegion = English;
			hasScannedForEncodings = 0;
			knownRegions = (
				en,
				Base,
			);
			mainGroup = D45FA8381F59C12300A277CA;
			productRefGroup = D45FA8421F59C12300A277CA /* Products */;
			projectDirPath = "";
			projectRoot = "";
			targets = (
				D45FA8401F59C12300A277CA /* PreferencesAppV1 */,
			);
		};
/* End PBXProject section */

/* Begin PBXResourcesBuildPhase section */
		D45FA83F1F59C12300A277CA /* Resources */ = {
			isa = PBXResourcesBuildPhase;
			buildActionMask = 2147483647;
			files = (
				D45FA85D1F5B3DE700A277CA /* Settings.bundle in Resources */,
				D45FA84F1F59C12300A277CA /* LaunchScreen.storyboard in Resources */,
				D45FA84C1F59C12300A277CA /* Assets.xcassets in Resources */,
				D45FA84A1F59C12300A277CA /* Main.storyboard in Resources */,
			);
			runOnlyForDeploymentPostprocessing = 0;
		};
/* End PBXResourcesBuildPhase section */

/* Begin PBXSourcesBuildPhase section */
		D45FA83D1F59C12300A277CA /* Sources */ = {
			isa = PBXSourcesBuildPhase;
			buildActionMask = 2147483647;
			files = (
				D45FA8471F59C12300A277CA /* ViewController.swift in Sources */,
				D45FA8591F5A620700A277CA /* ShowDataViewController.swift in Sources */,
				D45FA8451F59C12300A277CA /* AppDelegate.swift in Sources */,
			);
			runOnlyForDeploymentPostprocessing = 0;
		};
/* End PBXSourcesBuildPhase section */

/* Begin PBXVariantGroup section */
		D45FA8481F59C12300A277CA /* Main.storyboard */ = {
			isa = PBXVariantGroup;
			children = (
				D45FA8491F59C12300A277CA /* Base */,
			);
			name = Main.storyboard;
			sourceTree = "<group>";
		};
		D45FA84D1F59C12300A277CA /* LaunchScreen.storyboard */ = {
			isa = PBXVariantGroup;
			children = (
				D45FA84E1F59C12300A277CA /* Base */,
			);
			name = LaunchScreen.storyboard;
			sourceTree = "<group>";
		};
/* End PBXVariantGroup section */

/* Begin XCBuildConfiguration section */
		D45FA8511F59C12300A277CA /* Debug */ = {
			isa = XCBuildConfiguration;
			buildSettings = {
				ALWAYS_SEARCH_USER_PATHS = NO;
				CLANG_ANALYZER_NONNULL = YES;
				CLANG_ANALYZER_NUMBER_OBJECT_CONVERSION = YES_AGGRESSIVE;
				CLANG_CXX_LANGUAGE_STANDARD = "gnu++0x";
				CLANG_CXX_LIBRARY = "libc++";
				CLANG_ENABLE_MODULES = YES;
				CLANG_ENABLE_OBJC_ARC = YES;
				CLANG_WARN_BOOL_CONVERSION = YES;
				CLANG_WARN_CONSTANT_CONVERSION = YES;
				CLANG_WARN_DIRECT_OBJC_ISA_USAGE = YES_ERROR;
				CLANG_WARN_DOCUMENTATION_COMMENTS = YES;
				CLANG_WARN_EMPTY_BODY = YES;
				CLANG_WARN_ENUM_CONVERSION = YES;
				CLANG_WARN_INFINITE_RECURSION = YES;
				CLANG_WARN_INT_CONVERSION = YES;
				CLANG_WARN_OBJC_ROOT_CLASS = YES_ERROR;
				CLANG_WARN_SUSPICIOUS_MOVE = YES;
				CLANG_WARN_UNREACHABLE_CODE = YES;
				CLANG_WARN__DUPLICATE_METHOD_MATCH = YES;
				"CODE_SIGN_IDENTITY[sdk=iphoneos*]" = "iPhone Developer";
				COPY_PHASE_STRIP = NO;
				DEBUG_INFORMATION_FORMAT = dwarf;
				ENABLE_STRICT_OBJC_MSGSEND = YES;
				ENABLE_TESTABILITY = YES;
				GCC_C_LANGUAGE_STANDARD = gnu99;
				GCC_DYNAMIC_NO_PIC = NO;
				GCC_NO_COMMON_BLOCKS = YES;
				GCC_OPTIMIZATION_LEVEL = 0;
				GCC_PREPROCESSOR_DEFINITIONS = (
					"DEBUG=1",
					"$(inherited)",
				);
				GCC_WARN_64_TO_32_BIT_CONVERSION = YES;
				GCC_WARN_ABOUT_RETURN_TYPE = YES_ERROR;
				GCC_WARN_UNDECLARED_SELECTOR = YES;
				GCC_WARN_UNINITIALIZED_AUTOS = YES_AGGRESSIVE;
				GCC_WARN_UNUSED_FUNCTION = YES;
				GCC_WARN_UNUSED_VARIABLE = YES;
				IPHONEOS_DEPLOYMENT_TARGET = 10.3;
				MTL_ENABLE_DEBUG_INFO = YES;
				ONLY_ACTIVE_ARCH = YES;
				SDKROOT = iphoneos;
				SWIFT_ACTIVE_COMPILATION_CONDITIONS = DEBUG;
				SWIFT_OPTIMIZATION_LEVEL = "-Onone";
				TARGETED_DEVICE_FAMILY = "1,2";
			};
			name = Debug;
		};
		D45FA8521F59C12300A277CA /* Release */ = {
			isa = XCBuildConfiguration;
			buildSettings = {
				ALWAYS_SEARCH_USER_PATHS = NO;
				CLANG_ANALYZER_NONNULL = YES;
				CLANG_ANALYZER_NUMBER_OBJECT_CONVERSION = YES_AGGRESSIVE;
				CLANG_CXX_LANGUAGE_STANDARD = "gnu++0x";
				CLANG_CXX_LIBRARY = "libc++";
				CLANG_ENABLE_MODULES = YES;
				CLANG_ENABLE_OBJC_ARC = YES;
				CLANG_WARN_BOOL_CONVERSION = YES;
				CLANG_WARN_CONSTANT_CONVERSION = YES;
				CLANG_WARN_DIRECT_OBJC_ISA_USAGE = YES_ERROR;
				CLANG_WARN_DOCUMENTATION_COMMENTS = YES;
				CLANG_WARN_EMPTY_BODY = YES;
				CLANG_WARN_ENUM_CONVERSION = YES;
				CLANG_WARN_INFINITE_RECURSION = YES;
				CLANG_WARN_INT_CONVERSION = YES;
				CLANG_WARN_OBJC_ROOT_CLASS = YES_ERROR;
				CLANG_WARN_SUSPICIOUS_MOVE = YES;
				CLANG_WARN_UNREACHABLE_CODE = YES;
				CLANG_WARN__DUPLICATE_METHOD_MATCH = YES;
				"CODE_SIGN_IDENTITY[sdk=iphoneos*]" = "iPhone Developer";
				COPY_PHASE_STRIP = NO;
				DEBUG_INFORMATION_FORMAT = "dwarf-with-dsym";
				ENABLE_NS_ASSERTIONS = NO;
				ENABLE_STRICT_OBJC_MSGSEND = YES;
				GCC_C_LANGUAGE_STANDARD = gnu99;
				GCC_NO_COMMON_BLOCKS = YES;
				GCC_WARN_64_TO_32_BIT_CONVERSION = YES;
				GCC_WARN_ABOUT_RETURN_TYPE = YES_ERROR;
				GCC_WARN_UNDECLARED_SELECTOR = YES;
				GCC_WARN_UNINITIALIZED_AUTOS = YES_AGGRESSIVE;
				GCC_WARN_UNUSED_FUNCTION = YES;
				GCC_WARN_UNUSED_VARIABLE = YES;
				IPHONEOS_DEPLOYMENT_TARGET = 10.3;
				MTL_ENABLE_DEBUG_INFO = NO;
				SDKROOT = iphoneos;
				SWIFT_OPTIMIZATION_LEVEL = "-Owholemodule";
				TARGETED_DEVICE_FAMILY = "1,2";
				VALIDATE_PRODUCT = YES;
			};
			name = Release;
		};
		D45FA8541F59C12300A277CA /* Debug */ = {
			isa = XCBuildConfiguration;
			buildSettings = {
				ASSETCATALOG_COMPILER_APPICON_NAME = AppIcon;
				INFOPLIST_FILE = PreferencesAppV1/Info.plist;
				LD_RUNPATH_SEARCH_PATHS = "$(inherited) @executable_path/Frameworks";
				PRODUCT_BUNDLE_IDENTIFIER = com.PreferencesAppV1;
				PRODUCT_NAME = "$(TARGET_NAME)";
				SWIFT_VERSION = 3.0;
			};
			name = Debug;
		};
		D45FA8551F59C12300A277CA /* Release */ = {
			isa = XCBuildConfiguration;
			buildSettings = {
				ASSETCATALOG_COMPILER_APPICON_NAME = AppIcon;
				INFOPLIST_FILE = PreferencesAppV1/Info.plist;
				LD_RUNPATH_SEARCH_PATHS = "$(inherited) @executable_path/Frameworks";
				PRODUCT_BUNDLE_IDENTIFIER = com.PreferencesAppV1;
				PRODUCT_NAME = "$(TARGET_NAME)";
				SWIFT_VERSION = 3.0;
			};
			name = Release;
		};
/* End XCBuildConfiguration section */

/* Begin XCConfigurationList section */
		D45FA83C1F59C12300A277CA /* Build configuration list for PBXProject "PreferencesAppV1" */ = {
			isa = XCConfigurationList;
			buildConfigurations = (
				D45FA8511F59C12300A277CA /* Debug */,
				D45FA8521F59C12300A277CA /* Release */,
			);
			defaultConfigurationIsVisible = 0;
			defaultConfigurationName = Release;
		};
		D45FA8531F59C12300A277CA /* Build configuration list for PBXNativeTarget "PreferencesAppV1" */ = {
			isa = XCConfigurationList;
			buildConfigurations = (
				D45FA8541F59C12300A277CA /* Debug */,
				D45FA8551F59C12300A277CA /* Release */,
			);
			defaultConfigurationIsVisible = 0;
			defaultConfigurationName = Release;
		};
/* End XCConfigurationList section */
	};
	rootObject = D45FA8391F59C12300A277CA /* Project object */;
}
