// !$*UTF8*$!
{
	archiveVersion = 1;
	classes = {
	};
	objectVersion = 48;
	objects = {

/* Begin PBXBuildFile section */
		CB52B1CDA16ACBD927FEE56D /* Pods_Wanderlist.framework in Frameworks */ = {isa = PBXBuildFile; fileRef = 451C03E9DEDA503FB1394447 /* Pods_Wanderlist.framework */; };
		D95C00C11FCF0F18008841DF /* AppDelegate.swift in Sources */ = {isa = PBXBuildFile; fileRef = D95C00C01FCF0F18008841DF /* AppDelegate.swift */; };
		D95C00C31FCF0F18008841DF /* OnBoardingViewController.swift in Sources */ = {isa = PBXBuildFile; fileRef = D95C00C21FCF0F18008841DF /* OnBoardingViewController.swift */; };
		D95C00CB1FCF0F18008841DF /* Assets.xcassets in Resources */ = {isa = PBXBuildFile; fileRef = D95C00CA1FCF0F18008841DF /* Assets.xcassets */; };
		D95C00CE1FCF0F18008841DF /* LaunchScreen.storyboard in Resources */ = {isa = PBXBuildFile; fileRef = D95C00CC1FCF0F18008841DF /* LaunchScreen.storyboard */; };
		D968E51E1FD9D8C30088967E /* Goku.ttf in Resources */ = {isa = PBXBuildFile; fileRef = D968E51B1FD9C0390088967E /* Goku.ttf */; };
		D968E5781FD9EB580088967E /* Main.storyboard in Resources */ = {isa = PBXBuildFile; fileRef = D968E5761FD9EB580088967E /* Main.storyboard */; };
		D968E57C1FD9EFD70088967E /* Montserrat-SemiBold.ttf in Resources */ = {isa = PBXBuildFile; fileRef = D968E5791FD9EFD70088967E /* Montserrat-SemiBold.ttf */; };
		D968E57D1FD9EFD70088967E /* Montserrat-Regular.ttf in Resources */ = {isa = PBXBuildFile; fileRef = D968E57A1FD9EFD70088967E /* Montserrat-Regular.ttf */; };
		D968E57E1FD9EFD70088967E /* Montserrat-Medium.ttf in Resources */ = {isa = PBXBuildFile; fileRef = D968E57B1FD9EFD70088967E /* Montserrat-Medium.ttf */; };
		D968E58C1FDF0B280088967E /* CityTableViewController.swift in Sources */ = {isa = PBXBuildFile; fileRef = D968E58B1FDF0B280088967E /* CityTableViewController.swift */; };
		D968E58F1FDF16240088967E /* CityDetailViewController.swift in Sources */ = {isa = PBXBuildFile; fileRef = D968E58E1FDF16240088967E /* CityDetailViewController.swift */; };
		D968E5911FDF61D50088967E /* InitalViewController.swift in Sources */ = {isa = PBXBuildFile; fileRef = D968E5901FDF61D50088967E /* InitalViewController.swift */; };
		D96BC8941FF3AAD80083CBAF /* SaveLocationTableViewController.swift in Sources */ = {isa = PBXBuildFile; fileRef = D96BC8931FF3AAD80083CBAF /* SaveLocationTableViewController.swift */; };
		D9C5CE9A1FE029BD001FBC04 /* Wanderlist.xcdatamodeld in Sources */ = {isa = PBXBuildFile; fileRef = D9C5CE981FE029BD001FBC04 /* Wanderlist.xcdatamodeld */; };
		D9D05E4D1FF6CB9000FB3D2B /* SavedInCityTableViewController.swift in Sources */ = {isa = PBXBuildFile; fileRef = D9D05E4C1FF6CB9000FB3D2B /* SavedInCityTableViewController.swift */; };
		D9D05E531FF6FE7700FB3D2B /* GoogleService-Info.plist in Resources */ = {isa = PBXBuildFile; fileRef = D9D05E521FF6FE7700FB3D2B /* GoogleService-Info.plist */; };
		D9D05E551FF7FE4100FB3D2B /* TestViewController.swift in Sources */ = {isa = PBXBuildFile; fileRef = D9D05E541FF7FE4100FB3D2B /* TestViewController.swift */; };
		D9D05E5B1FFC8DD800FB3D2B /* ExploreTableViewController.swift in Sources */ = {isa = PBXBuildFile; fileRef = D9D05E5A1FFC8DD800FB3D2B /* ExploreTableViewController.swift */; };
		D9D05E5D1FFC913F00FB3D2B /* TestTableViewController.swift in Sources */ = {isa = PBXBuildFile; fileRef = D9D05E5C1FFC913F00FB3D2B /* TestTableViewController.swift */; };
		D9D05E621FFD612300FB3D2B /* PrepopulateTestData.swift in Sources */ = {isa = PBXBuildFile; fileRef = D9D05E611FFD612300FB3D2B /* PrepopulateTestData.swift */; };
		D9D05E641FFD620000FB3D2B /* TestTableViewCell.swift in Sources */ = {isa = PBXBuildFile; fileRef = D9D05E631FFD620000FB3D2B /* TestTableViewCell.swift */; };
		D9D05E661FFD73AC00FB3D2B /* Test2ViewController.swift in Sources */ = {isa = PBXBuildFile; fileRef = D9D05E651FFD73AC00FB3D2B /* Test2ViewController.swift */; };
		D9D05E681FFD79B100FB3D2B /* PrepopulateTestData2.swift in Sources */ = {isa = PBXBuildFile; fileRef = D9D05E671FFD79B100FB3D2B /* PrepopulateTestData2.swift */; };
/* End PBXBuildFile section */

/* Begin PBXFileReference section */
		451C03E9DEDA503FB1394447 /* Pods_Wanderlist.framework */ = {isa = PBXFileReference; explicitFileType = wrapper.framework; includeInIndex = 0; path = Pods_Wanderlist.framework; sourceTree = BUILT_PRODUCTS_DIR; };
		93C7F995FB9FA02D79242CFC /* Pods-Wanderlist.debug.xcconfig */ = {isa = PBXFileReference; includeInIndex = 1; lastKnownFileType = text.xcconfig; name = "Pods-Wanderlist.debug.xcconfig"; path = "Pods/Target Support Files/Pods-Wanderlist/Pods-Wanderlist.debug.xcconfig"; sourceTree = "<group>"; };
		D95C00BD1FCF0F18008841DF /* Wanderlist.app */ = {isa = PBXFileReference; explicitFileType = wrapper.application; includeInIndex = 0; path = Wanderlist.app; sourceTree = BUILT_PRODUCTS_DIR; };
		D95C00C01FCF0F18008841DF /* AppDelegate.swift */ = {isa = PBXFileReference; lastKnownFileType = sourcecode.swift; path = AppDelegate.swift; sourceTree = "<group>"; };
		D95C00C21FCF0F18008841DF /* OnBoardingViewController.swift */ = {isa = PBXFileReference; lastKnownFileType = sourcecode.swift; path = OnBoardingViewController.swift; sourceTree = "<group>"; };
		D95C00CA1FCF0F18008841DF /* Assets.xcassets */ = {isa = PBXFileReference; lastKnownFileType = folder.assetcatalog; path = Assets.xcassets; sourceTree = "<group>"; };
		D95C00CD1FCF0F18008841DF /* Base */ = {isa = PBXFileReference; lastKnownFileType = file.storyboard; name = Base; path = Base.lproj/LaunchScreen.storyboard; sourceTree = "<group>"; };
		D95C00CF1FCF0F18008841DF /* Info.plist */ = {isa = PBXFileReference; lastKnownFileType = text.plist.xml; path = Info.plist; sourceTree = "<group>"; };
		D968E51B1FD9C0390088967E /* Goku.ttf */ = {isa = PBXFileReference; lastKnownFileType = file; path = Goku.ttf; sourceTree = "<group>"; };
		D968E5771FD9EB580088967E /* Base */ = {isa = PBXFileReference; lastKnownFileType = file.storyboard; name = Base; path = Base.lproj/Main.storyboard; sourceTree = "<group>"; };
		D968E5791FD9EFD70088967E /* Montserrat-SemiBold.ttf */ = {isa = PBXFileReference; lastKnownFileType = file; path = "Montserrat-SemiBold.ttf"; sourceTree = "<group>"; };
		D968E57A1FD9EFD70088967E /* Montserrat-Regular.ttf */ = {isa = PBXFileReference; lastKnownFileType = file; path = "Montserrat-Regular.ttf"; sourceTree = "<group>"; };
		D968E57B1FD9EFD70088967E /* Montserrat-Medium.ttf */ = {isa = PBXFileReference; lastKnownFileType = file; path = "Montserrat-Medium.ttf"; sourceTree = "<group>"; };
		D968E58B1FDF0B280088967E /* CityTableViewController.swift */ = {isa = PBXFileReference; lastKnownFileType = sourcecode.swift; path = CityTableViewController.swift; sourceTree = "<group>"; };
		D968E58E1FDF16240088967E /* CityDetailViewController.swift */ = {isa = PBXFileReference; lastKnownFileType = sourcecode.swift; path = CityDetailViewController.swift; sourceTree = "<group>"; };
		D968E5901FDF61D50088967E /* InitalViewController.swift */ = {isa = PBXFileReference; lastKnownFileType = sourcecode.swift; path = InitalViewController.swift; sourceTree = "<group>"; };
		D96BC8881FEB58850083CBAF /* Wanderlist.entitlements */ = {isa = PBXFileReference; lastKnownFileType = text.plist.entitlements; path = Wanderlist.entitlements; sourceTree = "<group>"; };
		D96BC8931FF3AAD80083CBAF /* SaveLocationTableViewController.swift */ = {isa = PBXFileReference; lastKnownFileType = sourcecode.swift; path = SaveLocationTableViewController.swift; sourceTree = "<group>"; };
		D9C5CE991FE029BD001FBC04 /* Wanderlist.xcdatamodel */ = {isa = PBXFileReference; lastKnownFileType = wrapper.xcdatamodel; path = Wanderlist.xcdatamodel; sourceTree = "<group>"; };
		D9D05E4C1FF6CB9000FB3D2B /* SavedInCityTableViewController.swift */ = {isa = PBXFileReference; lastKnownFileType = sourcecode.swift; path = SavedInCityTableViewController.swift; sourceTree = "<group>"; };
		D9D05E521FF6FE7700FB3D2B /* GoogleService-Info.plist */ = {isa = PBXFileReference; fileEncoding = 4; lastKnownFileType = text.plist.xml; name = "GoogleService-Info.plist"; path = "../../../../../Downloads/GoogleService-Info.plist"; sourceTree = "<group>"; };
		D9D05E541FF7FE4100FB3D2B /* TestViewController.swift */ = {isa = PBXFileReference; fileEncoding = 4; lastKnownFileType = sourcecode.swift; path = TestViewController.swift; sourceTree = "<group>"; };
		D9D05E5A1FFC8DD800FB3D2B /* ExploreTableViewController.swift */ = {isa = PBXFileReference; fileEncoding = 4; lastKnownFileType = sourcecode.swift; path = ExploreTableViewController.swift; sourceTree = "<group>"; };
		D9D05E5C1FFC913F00FB3D2B /* TestTableViewController.swift */ = {isa = PBXFileReference; lastKnownFileType = sourcecode.swift; name = TestTableViewController.swift; path = Wanderlist/Defunct/TestTableViewController.swift; sourceTree = SOURCE_ROOT; };
		D9D05E611FFD612300FB3D2B /* PrepopulateTestData.swift */ = {isa = PBXFileReference; lastKnownFileType = sourcecode.swift; path = PrepopulateTestData.swift; sourceTree = "<group>"; };
		D9D05E631FFD620000FB3D2B /* TestTableViewCell.swift */ = {isa = PBXFileReference; lastKnownFileType = sourcecode.swift; path = TestTableViewCell.swift; sourceTree = "<group>"; };
		D9D05E651FFD73AC00FB3D2B /* Test2ViewController.swift */ = {isa = PBXFileReference; lastKnownFileType = sourcecode.swift; path = Test2ViewController.swift; sourceTree = "<group>"; };
		D9D05E671FFD79B100FB3D2B /* PrepopulateTestData2.swift */ = {isa = PBXFileReference; lastKnownFileType = sourcecode.swift; path = PrepopulateTestData2.swift; sourceTree = "<group>"; };
		F3D2CC37AC7C27BEA1217C27 /* Pods-Wanderlist.release.xcconfig */ = {isa = PBXFileReference; includeInIndex = 1; lastKnownFileType = text.xcconfig; name = "Pods-Wanderlist.release.xcconfig"; path = "Pods/Target Support Files/Pods-Wanderlist/Pods-Wanderlist.release.xcconfig"; sourceTree = "<group>"; };
/* End PBXFileReference section */

/* Begin PBXFrameworksBuildPhase section */
		D95C00BA1FCF0F18008841DF /* Frameworks */ = {
			isa = PBXFrameworksBuildPhase;
			buildActionMask = 2147483647;
			files = (
				CB52B1CDA16ACBD927FEE56D /* Pods_Wanderlist.framework in Frameworks */,
			);
			runOnlyForDeploymentPostprocessing = 0;
		};
/* End PBXFrameworksBuildPhase section */

/* Begin PBXGroup section */
		6F4CF2E527C1BAE07308976F /* Pods */ = {
			isa = PBXGroup;
			children = (
				93C7F995FB9FA02D79242CFC /* Pods-Wanderlist.debug.xcconfig */,
				F3D2CC37AC7C27BEA1217C27 /* Pods-Wanderlist.release.xcconfig */,
			);
			name = Pods;
			sourceTree = "<group>";
		};
		C93B21E8837C2754749EAC0A /* Frameworks */ = {
			isa = PBXGroup;
			children = (
				451C03E9DEDA503FB1394447 /* Pods_Wanderlist.framework */,
			);
			name = Frameworks;
			sourceTree = "<group>";
		};
		D95C00B41FCF0F18008841DF = {
			isa = PBXGroup;
			children = (
				D95C00BF1FCF0F18008841DF /* Wanderlist */,
				D95C00BE1FCF0F18008841DF /* Products */,
				6F4CF2E527C1BAE07308976F /* Pods */,
				C93B21E8837C2754749EAC0A /* Frameworks */,
			);
			sourceTree = "<group>";
		};
		D95C00BE1FCF0F18008841DF /* Products */ = {
			isa = PBXGroup;
			children = (
				D95C00BD1FCF0F18008841DF /* Wanderlist.app */,
			);
			name = Products;
			sourceTree = "<group>";
		};
		D95C00BF1FCF0F18008841DF /* Wanderlist */ = {
			isa = PBXGroup;
			children = (
				D96BC8881FEB58850083CBAF /* Wanderlist.entitlements */,
				D9D05E601FFD60FD00FB3D2B /* Model */,
				D968E51A1FD9C02A0088967E /* Fonts */,
				D968E58D1FDF0B370088967E /* Defunct */,
				D9C5CE971FE02794001FBC04 /* Controllers */,
				D95C00C01FCF0F18008841DF /* AppDelegate.swift */,
				D968E5761FD9EB580088967E /* Main.storyboard */,
				D95C00CA1FCF0F18008841DF /* Assets.xcassets */,
				D95C00CC1FCF0F18008841DF /* LaunchScreen.storyboard */,
				D95C00CF1FCF0F18008841DF /* Info.plist */,
				D9C5CE981FE029BD001FBC04 /* Wanderlist.xcdatamodeld */,
				D9D05E521FF6FE7700FB3D2B /* GoogleService-Info.plist */,
			);
			path = Wanderlist;
			sourceTree = "<group>";
		};
		D968E51A1FD9C02A0088967E /* Fonts */ = {
			isa = PBXGroup;
			children = (
				D968E51B1FD9C0390088967E /* Goku.ttf */,
				D968E57B1FD9EFD70088967E /* Montserrat-Medium.ttf */,
				D968E57A1FD9EFD70088967E /* Montserrat-Regular.ttf */,
				D968E5791FD9EFD70088967E /* Montserrat-SemiBold.ttf */,
			);
			path = Fonts;
			sourceTree = "<group>";
		};
		D968E58D1FDF0B370088967E /* Defunct */ = {
			isa = PBXGroup;
			children = (
				D9D05E5C1FFC913F00FB3D2B /* TestTableViewController.swift */,
				D9D05E651FFD73AC00FB3D2B /* Test2ViewController.swift */,
				D9D05E541FF7FE4100FB3D2B /* TestViewController.swift */,
				D9D05E631FFD620000FB3D2B /* TestTableViewCell.swift */,
			);
			path = Defunct;
			sourceTree = "<group>";
		};
		D9C5CE971FE02794001FBC04 /* Controllers */ = {
			isa = PBXGroup;
			children = (
				D9D05E4C1FF6CB9000FB3D2B /* SavedInCityTableViewController.swift */,
				D968E58B1FDF0B280088967E /* CityTableViewController.swift */,
				D9D05E5A1FFC8DD800FB3D2B /* ExploreTableViewController.swift */,
				D968E58E1FDF16240088967E /* CityDetailViewController.swift */,
				D96BC8931FF3AAD80083CBAF /* SaveLocationTableViewController.swift */,
				D95C00C21FCF0F18008841DF /* OnBoardingViewController.swift */,
				D968E5901FDF61D50088967E /* InitalViewController.swift */,
			);
			path = Controllers;
			sourceTree = "<group>";
		};
		D9D05E601FFD60FD00FB3D2B /* Model */ = {
			isa = PBXGroup;
			children = (
				D9D05E611FFD612300FB3D2B /* PrepopulateTestData.swift */,
				D9D05E671FFD79B100FB3D2B /* PrepopulateTestData2.swift */,
			);
			path = Model;
			sourceTree = "<group>";
		};
/* End PBXGroup section */

/* Begin PBXNativeTarget section */
		D95C00BC1FCF0F18008841DF /* Wanderlist */ = {
			isa = PBXNativeTarget;
			buildConfigurationList = D95C00D21FCF0F18008841DF /* Build configuration list for PBXNativeTarget "Wanderlist" */;
			buildPhases = (
				B7958661FE4E12E1368F3D4B /* [CP] Check Pods Manifest.lock */,
				D95C00B91FCF0F18008841DF /* Sources */,
				D95C00BA1FCF0F18008841DF /* Frameworks */,
				D95C00BB1FCF0F18008841DF /* Resources */,
				E10B2A0150467EE6D72D49B3 /* [CP] Embed Pods Frameworks */,
				2370FB25749E3B32AAC1ED82 /* [CP] Copy Pods Resources */,
			);
			buildRules = (
			);
			dependencies = (
			);
			name = Wanderlist;
			productName = Wanderlist;
			productReference = D95C00BD1FCF0F18008841DF /* Wanderlist.app */;
			productType = "com.apple.product-type.application";
		};
/* End PBXNativeTarget section */

/* Begin PBXProject section */
		D95C00B51FCF0F18008841DF /* Project object */ = {
			isa = PBXProject;
			attributes = {
				LastSwiftUpdateCheck = 0910;
				LastUpgradeCheck = 0910;
				ORGANIZATIONNAME = "Robert Wong";
				TargetAttributes = {
					D95C00BC1FCF0F18008841DF = {
						CreatedOnToolsVersion = 9.1;
						ProvisioningStyle = Automatic;
						SystemCapabilities = {
							com.apple.Keychain = {
								enabled = 1;
							};
						};
					};
				};
			};
			buildConfigurationList = D95C00B81FCF0F18008841DF /* Build configuration list for PBXProject "Wanderlist" */;
			compatibilityVersion = "Xcode 8.0";
			developmentRegion = en;
			hasScannedForEncodings = 0;
			knownRegions = (
				en,
				Base,
			);
			mainGroup = D95C00B41FCF0F18008841DF;
			productRefGroup = D95C00BE1FCF0F18008841DF /* Products */;
			projectDirPath = "";
			projectRoot = "";
			targets = (
				D95C00BC1FCF0F18008841DF /* Wanderlist */,
			);
		};
/* End PBXProject section */

/* Begin PBXResourcesBuildPhase section */
		D95C00BB1FCF0F18008841DF /* Resources */ = {
			isa = PBXResourcesBuildPhase;
			buildActionMask = 2147483647;
			files = (
				D968E57D1FD9EFD70088967E /* Montserrat-Regular.ttf in Resources */,
				D9D05E531FF6FE7700FB3D2B /* GoogleService-Info.plist in Resources */,
				D95C00CE1FCF0F18008841DF /* LaunchScreen.storyboard in Resources */,
				D95C00CB1FCF0F18008841DF /* Assets.xcassets in Resources */,
				D968E57E1FD9EFD70088967E /* Montserrat-Medium.ttf in Resources */,
				D968E51E1FD9D8C30088967E /* Goku.ttf in Resources */,
				D968E5781FD9EB580088967E /* Main.storyboard in Resources */,
				D968E57C1FD9EFD70088967E /* Montserrat-SemiBold.ttf in Resources */,
			);
			runOnlyForDeploymentPostprocessing = 0;
		};
/* End PBXResourcesBuildPhase section */

/* Begin PBXShellScriptBuildPhase section */
		2370FB25749E3B32AAC1ED82 /* [CP] Copy Pods Resources */ = {
			isa = PBXShellScriptBuildPhase;
			buildActionMask = 2147483647;
			files = (
			);
			inputPaths = (
				"${SRCROOT}/Pods/Target Support Files/Pods-Wanderlist/Pods-Wanderlist-resources.sh",
				"${PODS_ROOT}/GoogleSignIn/Resources/GoogleSignIn.bundle",
			);
			name = "[CP] Copy Pods Resources";
			outputPaths = (
				"${TARGET_BUILD_DIR}/${UNLOCALIZED_RESOURCES_FOLDER_PATH}",
			);
			runOnlyForDeploymentPostprocessing = 0;
			shellPath = /bin/sh;
			shellScript = "\"${SRCROOT}/Pods/Target Support Files/Pods-Wanderlist/Pods-Wanderlist-resources.sh\"\n";
			showEnvVarsInLog = 0;
		};
		B7958661FE4E12E1368F3D4B /* [CP] Check Pods Manifest.lock */ = {
			isa = PBXShellScriptBuildPhase;
			buildActionMask = 2147483647;
			files = (
			);
			inputPaths = (
				"${PODS_PODFILE_DIR_PATH}/Podfile.lock",
				"${PODS_ROOT}/Manifest.lock",
			);
			name = "[CP] Check Pods Manifest.lock";
			outputPaths = (
				"$(DERIVED_FILE_DIR)/Pods-Wanderlist-checkManifestLockResult.txt",
			);
			runOnlyForDeploymentPostprocessing = 0;
			shellPath = /bin/sh;
			shellScript = "diff \"${PODS_PODFILE_DIR_PATH}/Podfile.lock\" \"${PODS_ROOT}/Manifest.lock\" > /dev/null\nif [ $? != 0 ] ; then\n    # print error to STDERR\n    echo \"error: The sandbox is not in sync with the Podfile.lock. Run 'pod install' or update your CocoaPods installation.\" >&2\n    exit 1\nfi\n# This output is used by Xcode 'outputs' to avoid re-running this script phase.\necho \"SUCCESS\" > \"${SCRIPT_OUTPUT_FILE_0}\"\n";
			showEnvVarsInLog = 0;
		};
		E10B2A0150467EE6D72D49B3 /* [CP] Embed Pods Frameworks */ = {
			isa = PBXShellScriptBuildPhase;
			buildActionMask = 2147483647;
			files = (
			);
			inputPaths = (
				"${SRCROOT}/Pods/Target Support Files/Pods-Wanderlist/Pods-Wanderlist-frameworks.sh",
				"${BUILT_PRODUCTS_DIR}/Bolts/Bolts.framework",
				"${BUILT_PRODUCTS_DIR}/FBSDKCoreKit/FBSDKCoreKit.framework",
				"${BUILT_PRODUCTS_DIR}/FBSDKLoginKit/FBSDKLoginKit.framework",
				"${BUILT_PRODUCTS_DIR}/FBSDKShareKit/FBSDKShareKit.framework",
				"${BUILT_PRODUCTS_DIR}/GTMOAuth2/GTMOAuth2.framework",
				"${BUILT_PRODUCTS_DIR}/GTMSessionFetcher/GTMSessionFetcher.framework",
				"${BUILT_PRODUCTS_DIR}/GoogleToolboxForMac/GoogleToolboxForMac.framework",
				"${BUILT_PRODUCTS_DIR}/leveldb-library/leveldb.framework",
				"${BUILT_PRODUCTS_DIR}/nanopb/nanopb.framework",
			);
			name = "[CP] Embed Pods Frameworks";
			outputPaths = (
				"${TARGET_BUILD_DIR}/${FRAMEWORKS_FOLDER_PATH}/Bolts.framework",
				"${TARGET_BUILD_DIR}/${FRAMEWORKS_FOLDER_PATH}/FBSDKCoreKit.framework",
				"${TARGET_BUILD_DIR}/${FRAMEWORKS_FOLDER_PATH}/FBSDKLoginKit.framework",
				"${TARGET_BUILD_DIR}/${FRAMEWORKS_FOLDER_PATH}/FBSDKShareKit.framework",
				"${TARGET_BUILD_DIR}/${FRAMEWORKS_FOLDER_PATH}/GTMOAuth2.framework",
				"${TARGET_BUILD_DIR}/${FRAMEWORKS_FOLDER_PATH}/GTMSessionFetcher.framework",
				"${TARGET_BUILD_DIR}/${FRAMEWORKS_FOLDER_PATH}/GoogleToolboxForMac.framework",
				"${TARGET_BUILD_DIR}/${FRAMEWORKS_FOLDER_PATH}/leveldb.framework",
				"${TARGET_BUILD_DIR}/${FRAMEWORKS_FOLDER_PATH}/nanopb.framework",
			);
			runOnlyForDeploymentPostprocessing = 0;
			shellPath = /bin/sh;
			shellScript = "\"${SRCROOT}/Pods/Target Support Files/Pods-Wanderlist/Pods-Wanderlist-frameworks.sh\"\n";
			showEnvVarsInLog = 0;
		};
/* End PBXShellScriptBuildPhase section */

/* Begin PBXSourcesBuildPhase section */
		D95C00B91FCF0F18008841DF /* Sources */ = {
			isa = PBXSourcesBuildPhase;
			buildActionMask = 2147483647;
			files = (
				D9D05E5D1FFC913F00FB3D2B /* TestTableViewController.swift in Sources */,
				D9D05E661FFD73AC00FB3D2B /* Test2ViewController.swift in Sources */,
				D9D05E681FFD79B100FB3D2B /* PrepopulateTestData2.swift in Sources */,
				D9D05E5B1FFC8DD800FB3D2B /* ExploreTableViewController.swift in Sources */,
				D968E5911FDF61D50088967E /* InitalViewController.swift in Sources */,
				D9D05E4D1FF6CB9000FB3D2B /* SavedInCityTableViewController.swift in Sources */,
				D968E58C1FDF0B280088967E /* CityTableViewController.swift in Sources */,
				D95C00C31FCF0F18008841DF /* OnBoardingViewController.swift in Sources */,
				D9C5CE9A1FE029BD001FBC04 /* Wanderlist.xcdatamodeld in Sources */,
				D9D05E641FFD620000FB3D2B /* TestTableViewCell.swift in Sources */,
				D9D05E621FFD612300FB3D2B /* PrepopulateTestData.swift in Sources */,
				D96BC8941FF3AAD80083CBAF /* SaveLocationTableViewController.swift in Sources */,
				D968E58F1FDF16240088967E /* CityDetailViewController.swift in Sources */,
				D9D05E551FF7FE4100FB3D2B /* TestViewController.swift in Sources */,
				D95C00C11FCF0F18008841DF /* AppDelegate.swift in Sources */,
			);
			runOnlyForDeploymentPostprocessing = 0;
		};
/* End PBXSourcesBuildPhase section */

/* Begin PBXVariantGroup section */
		D95C00CC1FCF0F18008841DF /* LaunchScreen.storyboard */ = {
			isa = PBXVariantGroup;
			children = (
				D95C00CD1FCF0F18008841DF /* Base */,
			);
			name = LaunchScreen.storyboard;
			sourceTree = "<group>";
		};
		D968E5761FD9EB580088967E /* Main.storyboard */ = {
			isa = PBXVariantGroup;
			children = (
				D968E5771FD9EB580088967E /* Base */,
			);
			name = Main.storyboard;
			sourceTree = "<group>";
		};
/* End PBXVariantGroup section */

/* Begin XCBuildConfiguration section */
		D95C00D01FCF0F18008841DF /* Debug */ = {
			isa = XCBuildConfiguration;
			buildSettings = {
				ALWAYS_SEARCH_USER_PATHS = NO;
				CLANG_ANALYZER_NONNULL = YES;
				CLANG_ANALYZER_NUMBER_OBJECT_CONVERSION = YES_AGGRESSIVE;
				CLANG_CXX_LANGUAGE_STANDARD = "gnu++14";
				CLANG_CXX_LIBRARY = "libc++";
				CLANG_ENABLE_MODULES = YES;
				CLANG_ENABLE_OBJC_ARC = YES;
				CLANG_WARN_BLOCK_CAPTURE_AUTORELEASING = YES;
				CLANG_WARN_BOOL_CONVERSION = YES;
				CLANG_WARN_COMMA = YES;
				CLANG_WARN_CONSTANT_CONVERSION = YES;
				CLANG_WARN_DIRECT_OBJC_ISA_USAGE = YES_ERROR;
				CLANG_WARN_DOCUMENTATION_COMMENTS = YES;
				CLANG_WARN_EMPTY_BODY = YES;
				CLANG_WARN_ENUM_CONVERSION = YES;
				CLANG_WARN_INFINITE_RECURSION = YES;
				CLANG_WARN_INT_CONVERSION = YES;
				CLANG_WARN_NON_LITERAL_NULL_CONVERSION = YES;
				CLANG_WARN_OBJC_LITERAL_CONVERSION = YES;
				CLANG_WARN_OBJC_ROOT_CLASS = YES_ERROR;
				CLANG_WARN_RANGE_LOOP_ANALYSIS = YES;
				CLANG_WARN_STRICT_PROTOTYPES = YES;
				CLANG_WARN_SUSPICIOUS_MOVE = YES;
				CLANG_WARN_UNGUARDED_AVAILABILITY = YES_AGGRESSIVE;
				CLANG_WARN_UNREACHABLE_CODE = YES;
				CLANG_WARN__DUPLICATE_METHOD_MATCH = YES;
				CODE_SIGN_IDENTITY = "iPhone Developer";
				COPY_PHASE_STRIP = NO;
				DEBUG_INFORMATION_FORMAT = dwarf;
				ENABLE_STRICT_OBJC_MSGSEND = YES;
				ENABLE_TESTABILITY = YES;
				GCC_C_LANGUAGE_STANDARD = gnu11;
				GCC_DYNAMIC_NO_PIC = NO;
				GCC_NO_COMMON_BLOCKS = YES;
				GCC_OPTIMIZATION_LEVEL = 0;
				GCC_PREPROCESSOR_DEFINITIONS = (
					"DEBUG=1",
					"$(inherited)",
				);
				GCC_WARN_64_TO_32_BIT_CONVERSION = YES;
				GCC_WARN_ABOUT_RETURN_TYPE = YES_ERROR;
				GCC_WARN_UNDECLARED_SELECTOR = YES;
				GCC_WARN_UNINITIALIZED_AUTOS = YES_AGGRESSIVE;
				GCC_WARN_UNUSED_FUNCTION = YES;
				GCC_WARN_UNUSED_VARIABLE = YES;
				IPHONEOS_DEPLOYMENT_TARGET = 11.1;
				MTL_ENABLE_DEBUG_INFO = YES;
				ONLY_ACTIVE_ARCH = YES;
				SDKROOT = iphoneos;
				SWIFT_ACTIVE_COMPILATION_CONDITIONS = DEBUG;
				SWIFT_OPTIMIZATION_LEVEL = "-Onone";
			};
			name = Debug;
		};
		D95C00D11FCF0F18008841DF /* Release */ = {
			isa = XCBuildConfiguration;
			buildSettings = {
				ALWAYS_SEARCH_USER_PATHS = NO;
				CLANG_ANALYZER_NONNULL = YES;
				CLANG_ANALYZER_NUMBER_OBJECT_CONVERSION = YES_AGGRESSIVE;
				CLANG_CXX_LANGUAGE_STANDARD = "gnu++14";
				CLANG_CXX_LIBRARY = "libc++";
				CLANG_ENABLE_MODULES = YES;
				CLANG_ENABLE_OBJC_ARC = YES;
				CLANG_WARN_BLOCK_CAPTURE_AUTORELEASING = YES;
				CLANG_WARN_BOOL_CONVERSION = YES;
				CLANG_WARN_COMMA = YES;
				CLANG_WARN_CONSTANT_CONVERSION = YES;
				CLANG_WARN_DIRECT_OBJC_ISA_USAGE = YES_ERROR;
				CLANG_WARN_DOCUMENTATION_COMMENTS = YES;
				CLANG_WARN_EMPTY_BODY = YES;
				CLANG_WARN_ENUM_CONVERSION = YES;
				CLANG_WARN_INFINITE_RECURSION = YES;
				CLANG_WARN_INT_CONVERSION = YES;
				CLANG_WARN_NON_LITERAL_NULL_CONVERSION = YES;
				CLANG_WARN_OBJC_LITERAL_CONVERSION = YES;
				CLANG_WARN_OBJC_ROOT_CLASS = YES_ERROR;
				CLANG_WARN_RANGE_LOOP_ANALYSIS = YES;
				CLANG_WARN_STRICT_PROTOTYPES = YES;
				CLANG_WARN_SUSPICIOUS_MOVE = YES;
				CLANG_WARN_UNGUARDED_AVAILABILITY = YES_AGGRESSIVE;
				CLANG_WARN_UNREACHABLE_CODE = YES;
				CLANG_WARN__DUPLICATE_METHOD_MATCH = YES;
				CODE_SIGN_IDENTITY = "iPhone Developer";
				COPY_PHASE_STRIP = NO;
				DEBUG_INFORMATION_FORMAT = "dwarf-with-dsym";
				ENABLE_NS_ASSERTIONS = NO;
				ENABLE_STRICT_OBJC_MSGSEND = YES;
				GCC_C_LANGUAGE_STANDARD = gnu11;
				GCC_NO_COMMON_BLOCKS = YES;
				GCC_WARN_64_TO_32_BIT_CONVERSION = YES;
				GCC_WARN_ABOUT_RETURN_TYPE = YES_ERROR;
				GCC_WARN_UNDECLARED_SELECTOR = YES;
				GCC_WARN_UNINITIALIZED_AUTOS = YES_AGGRESSIVE;
				GCC_WARN_UNUSED_FUNCTION = YES;
				GCC_WARN_UNUSED_VARIABLE = YES;
				IPHONEOS_DEPLOYMENT_TARGET = 11.1;
				MTL_ENABLE_DEBUG_INFO = NO;
				SDKROOT = iphoneos;
				SWIFT_OPTIMIZATION_LEVEL = "-Owholemodule";
				VALIDATE_PRODUCT = YES;
			};
			name = Release;
		};
		D95C00D31FCF0F18008841DF /* Debug */ = {
			isa = XCBuildConfiguration;
			baseConfigurationReference = 93C7F995FB9FA02D79242CFC /* Pods-Wanderlist.debug.xcconfig */;
			buildSettings = {
				ASSETCATALOG_COMPILER_APPICON_NAME = AppIcon;
				CODE_SIGN_ENTITLEMENTS = Wanderlist/Wanderlist.entitlements;
				CODE_SIGN_STYLE = Automatic;
				DEVELOPMENT_TEAM = S8U5C9WC7P;
				INFOPLIST_FILE = Wanderlist/Info.plist;
				IPHONEOS_DEPLOYMENT_TARGET = 11.2;
				LD_RUNPATH_SEARCH_PATHS = "$(inherited) @executable_path/Frameworks";
				PRODUCT_BUNDLE_IDENTIFIER = com.Wanderlist;
				PRODUCT_NAME = "$(TARGET_NAME)";
				SWIFT_VERSION = 4.0;
				TARGETED_DEVICE_FAMILY = "1,2";
			};
			name = Debug;
		};
		D95C00D41FCF0F18008841DF /* Release */ = {
			isa = XCBuildConfiguration;
			baseConfigurationReference = F3D2CC37AC7C27BEA1217C27 /* Pods-Wanderlist.release.xcconfig */;
			buildSettings = {
				ASSETCATALOG_COMPILER_APPICON_NAME = AppIcon;
				CODE_SIGN_ENTITLEMENTS = Wanderlist/Wanderlist.entitlements;
				CODE_SIGN_STYLE = Automatic;
				DEVELOPMENT_TEAM = S8U5C9WC7P;
				INFOPLIST_FILE = Wanderlist/Info.plist;
				IPHONEOS_DEPLOYMENT_TARGET = 11.2;
				LD_RUNPATH_SEARCH_PATHS = "$(inherited) @executable_path/Frameworks";
				PRODUCT_BUNDLE_IDENTIFIER = com.Wanderlist;
				PRODUCT_NAME = "$(TARGET_NAME)";
				SWIFT_VERSION = 4.0;
				TARGETED_DEVICE_FAMILY = "1,2";
			};
			name = Release;
		};
/* End XCBuildConfiguration section */

/* Begin XCConfigurationList section */
		D95C00B81FCF0F18008841DF /* Build configuration list for PBXProject "Wanderlist" */ = {
			isa = XCConfigurationList;
			buildConfigurations = (
				D95C00D01FCF0F18008841DF /* Debug */,
				D95C00D11FCF0F18008841DF /* Release */,
			);
			defaultConfigurationIsVisible = 0;
			defaultConfigurationName = Release;
		};
		D95C00D21FCF0F18008841DF /* Build configuration list for PBXNativeTarget "Wanderlist" */ = {
			isa = XCConfigurationList;
			buildConfigurations = (
				D95C00D31FCF0F18008841DF /* Debug */,
				D95C00D41FCF0F18008841DF /* Release */,
			);
			defaultConfigurationIsVisible = 0;
			defaultConfigurationName = Release;
		};
/* End XCConfigurationList section */

/* Begin XCVersionGroup section */
		D9C5CE981FE029BD001FBC04 /* Wanderlist.xcdatamodeld */ = {
			isa = XCVersionGroup;
			children = (
				D9C5CE991FE029BD001FBC04 /* Wanderlist.xcdatamodel */,
			);
			currentVersion = D9C5CE991FE029BD001FBC04 /* Wanderlist.xcdatamodel */;
			path = Wanderlist.xcdatamodeld;
			sourceTree = "<group>";
			versionGroupType = wrapper.xcdatamodel;
		};
/* End XCVersionGroup section */
	};
	rootObject = D95C00B51FCF0F18008841DF /* Project object */;
}
