// !$*UTF8*$!
{
	archiveVersion = 1;
	classes = {
	};
	objectVersion = 48;
	objects = {

/* Begin PBXBuildFile section */
		D9073BF92002CFA7003408D2 /* AppDelegate.swift in Sources */ = {isa = PBXBuildFile; fileRef = D9073BF82002CFA7003408D2 /* AppDelegate.swift */; };
		D9073BFB2002CFA7003408D2 /* ViewController.swift in Sources */ = {isa = PBXBuildFile; fileRef = D9073BFA2002CFA7003408D2 /* ViewController.swift */; };
		D9073BFE2002CFA7003408D2 /* Main.storyboard in Resources */ = {isa = PBXBuildFile; fileRef = D9073BFC2002CFA7003408D2 /* Main.storyboard */; };
		D9073C012002CFA7003408D2 /* Travels.xcdatamodeld in Sources */ = {isa = PBXBuildFile; fileRef = D9073BFF2002CFA7003408D2 /* Travels.xcdatamodeld */; };
		D9073C032002CFA7003408D2 /* Assets.xcassets in Resources */ = {isa = PBXBuildFile; fileRef = D9073C022002CFA7003408D2 /* Assets.xcassets */; };
		D9073C062002CFA7003408D2 /* LaunchScreen.storyboard in Resources */ = {isa = PBXBuildFile; fileRef = D9073C042002CFA7003408D2 /* LaunchScreen.storyboard */; };
/* End PBXBuildFile section */

/* Begin PBXFileReference section */
		D9073BF52002CFA7003408D2 /* Travels.app */ = {isa = PBXFileReference; explicitFileType = wrapper.application; includeInIndex = 0; path = Travels.app; sourceTree = BUILT_PRODUCTS_DIR; };
		D9073BF82002CFA7003408D2 /* AppDelegate.swift */ = {isa = PBXFileReference; lastKnownFileType = sourcecode.swift; path = AppDelegate.swift; sourceTree = "<group>"; };
		D9073BFA2002CFA7003408D2 /* ViewController.swift */ = {isa = PBXFileReference; lastKnownFileType = sourcecode.swift; path = ViewController.swift; sourceTree = "<group>"; };
		D9073BFD2002CFA7003408D2 /* Base */ = {isa = PBXFileReference; lastKnownFileType = file.storyboard; name = Base; path = Base.lproj/Main.storyboard; sourceTree = "<group>"; };
		D9073C002002CFA7003408D2 /* Travels.xcdatamodel */ = {isa = PBXFileReference; lastKnownFileType = wrapper.xcdatamodel; path = Travels.xcdatamodel; sourceTree = "<group>"; };
		D9073C022002CFA7003408D2 /* Assets.xcassets */ = {isa = PBXFileReference; lastKnownFileType = folder.assetcatalog; path = Assets.xcassets; sourceTree = "<group>"; };
		D9073C052002CFA7003408D2 /* Base */ = {isa = PBXFileReference; lastKnownFileType = file.storyboard; name = Base; path = Base.lproj/LaunchScreen.storyboard; sourceTree = "<group>"; };
		D9073C072002CFA7003408D2 /* Info.plist */ = {isa = PBXFileReference; lastKnownFileType = text.plist.xml; path = Info.plist; sourceTree = "<group>"; };
/* End PBXFileReference section */

/* Begin PBXFrameworksBuildPhase section */
		D9073BF22002CFA7003408D2 /* Frameworks */ = {
			isa = PBXFrameworksBuildPhase;
			buildActionMask = 2147483647;
			files = (
			);
			runOnlyForDeploymentPostprocessing = 0;
		};
/* End PBXFrameworksBuildPhase section */

/* Begin PBXGroup section */
		D9073BEC2002CFA6003408D2 = {
			isa = PBXGroup;
			children = (
				D9073BF72002CFA7003408D2 /* Travels */,
				D9073BF62002CFA7003408D2 /* Products */,
			);
			sourceTree = "<group>";
		};
		D9073BF62002CFA7003408D2 /* Products */ = {
			isa = PBXGroup;
			children = (
				D9073BF52002CFA7003408D2 /* Travels.app */,
			);
			name = Products;
			sourceTree = "<group>";
		};
		D9073BF72002CFA7003408D2 /* Travels */ = {
			isa = PBXGroup;
			children = (
				D9073BF82002CFA7003408D2 /* AppDelegate.swift */,
				D9073BFA2002CFA7003408D2 /* ViewController.swift */,
				D9073BFC2002CFA7003408D2 /* Main.storyboard */,
				D9073C022002CFA7003408D2 /* Assets.xcassets */,
				D9073C042002CFA7003408D2 /* LaunchScreen.storyboard */,
				D9073C072002CFA7003408D2 /* Info.plist */,
				D9073BFF2002CFA7003408D2 /* Travels.xcdatamodeld */,
			);
			path = Travels;
			sourceTree = "<group>";
		};
/* End PBXGroup section */

/* Begin PBXNativeTarget section */
		D9073BF42002CFA7003408D2 /* Travels */ = {
			isa = PBXNativeTarget;
			buildConfigurationList = D9073C0A2002CFA7003408D2 /* Build configuration list for PBXNativeTarget "Travels" */;
			buildPhases = (
				D9073BF12002CFA7003408D2 /* Sources */,
				D9073BF22002CFA7003408D2 /* Frameworks */,
				D9073BF32002CFA7003408D2 /* Resources */,
			);
			buildRules = (
			);
			dependencies = (
			);
			name = Travels;
			productName = Travels;
			productReference = D9073BF52002CFA7003408D2 /* Travels.app */;
			productType = "com.apple.product-type.application";
		};
/* End PBXNativeTarget section */

/* Begin PBXProject section */
		D9073BED2002CFA6003408D2 /* Project object */ = {
			isa = PBXProject;
			attributes = {
				LastSwiftUpdateCheck = 0920;
				LastUpgradeCheck = 0920;
				ORGANIZATIONNAME = "Robert Wong";
				TargetAttributes = {
					D9073BF42002CFA7003408D2 = {
						CreatedOnToolsVersion = 9.2;
						ProvisioningStyle = Automatic;
					};
				};
			};
			buildConfigurationList = D9073BF02002CFA6003408D2 /* Build configuration list for PBXProject "Travels" */;
			compatibilityVersion = "Xcode 8.0";
			developmentRegion = en;
			hasScannedForEncodings = 0;
			knownRegions = (
				en,
				Base,
			);
			mainGroup = D9073BEC2002CFA6003408D2;
			productRefGroup = D9073BF62002CFA7003408D2 /* Products */;
			projectDirPath = "";
			projectRoot = "";
			targets = (
				D9073BF42002CFA7003408D2 /* Travels */,
			);
		};
/* End PBXProject section */

/* Begin PBXResourcesBuildPhase section */
		D9073BF32002CFA7003408D2 /* Resources */ = {
			isa = PBXResourcesBuildPhase;
			buildActionMask = 2147483647;
			files = (
				D9073C062002CFA7003408D2 /* LaunchScreen.storyboard in Resources */,
				D9073C032002CFA7003408D2 /* Assets.xcassets in Resources */,
				D9073BFE2002CFA7003408D2 /* Main.storyboard in Resources */,
			);
			runOnlyForDeploymentPostprocessing = 0;
		};
/* End PBXResourcesBuildPhase section */

/* Begin PBXSourcesBuildPhase section */
		D9073BF12002CFA7003408D2 /* Sources */ = {
			isa = PBXSourcesBuildPhase;
			buildActionMask = 2147483647;
			files = (
				D9073BFB2002CFA7003408D2 /* ViewController.swift in Sources */,
				D9073BF92002CFA7003408D2 /* AppDelegate.swift in Sources */,
				D9073C012002CFA7003408D2 /* Travels.xcdatamodeld in Sources */,
			);
			runOnlyForDeploymentPostprocessing = 0;
		};
/* End PBXSourcesBuildPhase section */

/* Begin PBXVariantGroup section */
		D9073BFC2002CFA7003408D2 /* Main.storyboard */ = {
			isa = PBXVariantGroup;
			children = (
				D9073BFD2002CFA7003408D2 /* Base */,
			);
			name = Main.storyboard;
			sourceTree = "<group>";
		};
		D9073C042002CFA7003408D2 /* LaunchScreen.storyboard */ = {
			isa = PBXVariantGroup;
			children = (
				D9073C052002CFA7003408D2 /* Base */,
			);
			name = LaunchScreen.storyboard;
			sourceTree = "<group>";
		};
/* End PBXVariantGroup section */

/* Begin XCBuildConfiguration section */
		D9073C082002CFA7003408D2 /* Debug */ = {
			isa = XCBuildConfiguration;
			buildSettings = {
				ALWAYS_SEARCH_USER_PATHS = NO;
				CLANG_ANALYZER_NONNULL = YES;
				CLANG_ANALYZER_NUMBER_OBJECT_CONVERSION = YES_AGGRESSIVE;
				CLANG_CXX_LANGUAGE_STANDARD = "gnu++14";
				CLANG_CXX_LIBRARY = "libc++";
				CLANG_ENABLE_MODULES = YES;
				CLANG_ENABLE_OBJC_ARC = YES;
				CLANG_WARN_BLOCK_CAPTURE_AUTORELEASING = YES;
				CLANG_WARN_BOOL_CONVERSION = YES;
				CLANG_WARN_COMMA = YES;
				CLANG_WARN_CONSTANT_CONVERSION = YES;
				CLANG_WARN_DIRECT_OBJC_ISA_USAGE = YES_ERROR;
				CLANG_WARN_DOCUMENTATION_COMMENTS = YES;
				CLANG_WARN_EMPTY_BODY = YES;
				CLANG_WARN_ENUM_CONVERSION = YES;
				CLANG_WARN_INFINITE_RECURSION = YES;
				CLANG_WARN_INT_CONVERSION = YES;
				CLANG_WARN_NON_LITERAL_NULL_CONVERSION = YES;
				CLANG_WARN_OBJC_LITERAL_CONVERSION = YES;
				CLANG_WARN_OBJC_ROOT_CLASS = YES_ERROR;
				CLANG_WARN_RANGE_LOOP_ANALYSIS = YES;
				CLANG_WARN_STRICT_PROTOTYPES = YES;
				CLANG_WARN_SUSPICIOUS_MOVE = YES;
				CLANG_WARN_UNGUARDED_AVAILABILITY = YES_AGGRESSIVE;
				CLANG_WARN_UNREACHABLE_CODE = YES;
				CLANG_WARN__DUPLICATE_METHOD_MATCH = YES;
				CODE_SIGN_IDENTITY = "iPhone Developer";
				COPY_PHASE_STRIP = NO;
				DEBUG_INFORMATION_FORMAT = dwarf;
				ENABLE_STRICT_OBJC_MSGSEND = YES;
				ENABLE_TESTABILITY = YES;
				GCC_C_LANGUAGE_STANDARD = gnu11;
				GCC_DYNAMIC_NO_PIC = NO;
				GCC_NO_COMMON_BLOCKS = YES;
				GCC_OPTIMIZATION_LEVEL = 0;
				GCC_PREPROCESSOR_DEFINITIONS = (
					"DEBUG=1",
					"$(inherited)",
				);
				GCC_WARN_64_TO_32_BIT_CONVERSION = YES;
				GCC_WARN_ABOUT_RETURN_TYPE = YES_ERROR;
				GCC_WARN_UNDECLARED_SELECTOR = YES;
				GCC_WARN_UNINITIALIZED_AUTOS = YES_AGGRESSIVE;
				GCC_WARN_UNUSED_FUNCTION = YES;
				GCC_WARN_UNUSED_VARIABLE = YES;
				IPHONEOS_DEPLOYMENT_TARGET = 11.2;
				MTL_ENABLE_DEBUG_INFO = YES;
				ONLY_ACTIVE_ARCH = YES;
				SDKROOT = iphoneos;
				SWIFT_ACTIVE_COMPILATION_CONDITIONS = DEBUG;
				SWIFT_OPTIMIZATION_LEVEL = "-Onone";
			};
			name = Debug;
		};
		D9073C092002CFA7003408D2 /* Release */ = {
			isa = XCBuildConfiguration;
			buildSettings = {
				ALWAYS_SEARCH_USER_PATHS = NO;
				CLANG_ANALYZER_NONNULL = YES;
				CLANG_ANALYZER_NUMBER_OBJECT_CONVERSION = YES_AGGRESSIVE;
				CLANG_CXX_LANGUAGE_STANDARD = "gnu++14";
				CLANG_CXX_LIBRARY = "libc++";
				CLANG_ENABLE_MODULES = YES;
				CLANG_ENABLE_OBJC_ARC = YES;
				CLANG_WARN_BLOCK_CAPTURE_AUTORELEASING = YES;
				CLANG_WARN_BOOL_CONVERSION = YES;
				CLANG_WARN_COMMA = YES;
				CLANG_WARN_CONSTANT_CONVERSION = YES;
				CLANG_WARN_DIRECT_OBJC_ISA_USAGE = YES_ERROR;
				CLANG_WARN_DOCUMENTATION_COMMENTS = YES;
				CLANG_WARN_EMPTY_BODY = YES;
				CLANG_WARN_ENUM_CONVERSION = YES;
				CLANG_WARN_INFINITE_RECURSION = YES;
				CLANG_WARN_INT_CONVERSION = YES;
				CLANG_WARN_NON_LITERAL_NULL_CONVERSION = YES;
				CLANG_WARN_OBJC_LITERAL_CONVERSION = YES;
				CLANG_WARN_OBJC_ROOT_CLASS = YES_ERROR;
				CLANG_WARN_RANGE_LOOP_ANALYSIS = YES;
				CLANG_WARN_STRICT_PROTOTYPES = YES;
				CLANG_WARN_SUSPICIOUS_MOVE = YES;
				CLANG_WARN_UNGUARDED_AVAILABILITY = YES_AGGRESSIVE;
				CLANG_WARN_UNREACHABLE_CODE = YES;
				CLANG_WARN__DUPLICATE_METHOD_MATCH = YES;
				CODE_SIGN_IDENTITY = "iPhone Developer";
				COPY_PHASE_STRIP = NO;
				DEBUG_INFORMATION_FORMAT = "dwarf-with-dsym";
				ENABLE_NS_ASSERTIONS = NO;
				ENABLE_STRICT_OBJC_MSGSEND = YES;
				GCC_C_LANGUAGE_STANDARD = gnu11;
				GCC_NO_COMMON_BLOCKS = YES;
				GCC_WARN_64_TO_32_BIT_CONVERSION = YES;
				GCC_WARN_ABOUT_RETURN_TYPE = YES_ERROR;
				GCC_WARN_UNDECLARED_SELECTOR = YES;
				GCC_WARN_UNINITIALIZED_AUTOS = YES_AGGRESSIVE;
				GCC_WARN_UNUSED_FUNCTION = YES;
				GCC_WARN_UNUSED_VARIABLE = YES;
				IPHONEOS_DEPLOYMENT_TARGET = 11.2;
				MTL_ENABLE_DEBUG_INFO = NO;
				SDKROOT = iphoneos;
				SWIFT_OPTIMIZATION_LEVEL = "-Owholemodule";
				VALIDATE_PRODUCT = YES;
			};
			name = Release;
		};
		D9073C0B2002CFA7003408D2 /* Debug */ = {
			isa = XCBuildConfiguration;
			buildSettings = {
				ASSETCATALOG_COMPILER_APPICON_NAME = AppIcon;
				CODE_SIGN_STYLE = Automatic;
				DEVELOPMENT_TEAM = S8U5C9WC7P;
				INFOPLIST_FILE = Travels/Info.plist;
				LD_RUNPATH_SEARCH_PATHS = "$(inherited) @executable_path/Frameworks";
				PRODUCT_BUNDLE_IDENTIFIER = com.Travels;
				PRODUCT_NAME = "$(TARGET_NAME)";
				SWIFT_VERSION = 4.0;
				TARGETED_DEVICE_FAMILY = "1,2";
			};
			name = Debug;
		};
		D9073C0C2002CFA7003408D2 /* Release */ = {
			isa = XCBuildConfiguration;
			buildSettings = {
				ASSETCATALOG_COMPILER_APPICON_NAME = AppIcon;
				CODE_SIGN_STYLE = Automatic;
				DEVELOPMENT_TEAM = S8U5C9WC7P;
				INFOPLIST_FILE = Travels/Info.plist;
				LD_RUNPATH_SEARCH_PATHS = "$(inherited) @executable_path/Frameworks";
				PRODUCT_BUNDLE_IDENTIFIER = com.Travels;
				PRODUCT_NAME = "$(TARGET_NAME)";
				SWIFT_VERSION = 4.0;
				TARGETED_DEVICE_FAMILY = "1,2";
			};
			name = Release;
		};
/* End XCBuildConfiguration section */

/* Begin XCConfigurationList section */
		D9073BF02002CFA6003408D2 /* Build configuration list for PBXProject "Travels" */ = {
			isa = XCConfigurationList;
			buildConfigurations = (
				D9073C082002CFA7003408D2 /* Debug */,
				D9073C092002CFA7003408D2 /* Release */,
			);
			defaultConfigurationIsVisible = 0;
			defaultConfigurationName = Release;
		};
		D9073C0A2002CFA7003408D2 /* Build configuration list for PBXNativeTarget "Travels" */ = {
			isa = XCConfigurationList;
			buildConfigurations = (
				D9073C0B2002CFA7003408D2 /* Debug */,
				D9073C0C2002CFA7003408D2 /* Release */,
			);
			defaultConfigurationIsVisible = 0;
			defaultConfigurationName = Release;
		};
/* End XCConfigurationList section */

/* Begin XCVersionGroup section */
		D9073BFF2002CFA7003408D2 /* Travels.xcdatamodeld */ = {
			isa = XCVersionGroup;
			children = (
				D9073C002002CFA7003408D2 /* Travels.xcdatamodel */,
			);
			currentVersion = D9073C002002CFA7003408D2 /* Travels.xcdatamodel */;
			path = Travels.xcdatamodeld;
			sourceTree = "<group>";
			versionGroupType = wrapper.xcdatamodel;
		};
/* End XCVersionGroup section */
	};
	rootObject = D9073BED2002CFA6003408D2 /* Project object */;
}
