// !$*UTF8*$!
{
	archiveVersion = 1;
	classes = {
	};
	objectVersion = 48;
	objects = {

/* Begin PBXBuildFile section */
		D918A3DD200EA8BB00A686C0 /* ReturningUserCityTableViewController.swift in Sources */ = {isa = PBXBuildFile; fileRef = D918A3DC200EA8BB00A686C0 /* ReturningUserCityTableViewController.swift */; };
		D918A3DF200F0A4400A686C0 /* ReturingUserCityDetailTableViewController.swift in Sources */ = {isa = PBXBuildFile; fileRef = D918A3DE200F0A4400A686C0 /* ReturingUserCityDetailTableViewController.swift */; };
		D918A3E3200FD8CF00A686C0 /* CityDetailTableViewCell.swift in Sources */ = {isa = PBXBuildFile; fileRef = D918A3E2200FD8CF00A686C0 /* CityDetailTableViewCell.swift */; };
		D948D15320093B3200B5B411 /* OnboardEmptyList.swift in Sources */ = {isa = PBXBuildFile; fileRef = D948D14F20093B3200B5B411 /* OnboardEmptyList.swift */; };
		D948D15420093B3200B5B411 /* LoginViewContoller.swift in Sources */ = {isa = PBXBuildFile; fileRef = D948D15020093B3200B5B411 /* LoginViewContoller.swift */; };
		D948D15520093B3200B5B411 /* OnboardCitySelect.swift in Sources */ = {isa = PBXBuildFile; fileRef = D948D15120093B3200B5B411 /* OnboardCitySelect.swift */; };
		D948D15C2009C98F00B5B411 /* AddMemoryViewController.swift in Sources */ = {isa = PBXBuildFile; fileRef = D948D15B2009C98F00B5B411 /* AddMemoryViewController.swift */; };
		D948D15E200AAFCA00B5B411 /* UserData.swift in Sources */ = {isa = PBXBuildFile; fileRef = D948D15D200AAFCA00B5B411 /* UserData.swift */; };
		D94CD24C201A596800EFA555 /* SectionNameTableViewController.swift in Sources */ = {isa = PBXBuildFile; fileRef = D94CD24B201A596800EFA555 /* SectionNameTableViewController.swift */; };
		D96F1DF82017BD6D00793B23 /* Assets.xcassets in Resources */ = {isa = PBXBuildFile; fileRef = D96F1DF72017BD6D00793B23 /* Assets.xcassets */; };
		D96F1E142017C02700793B23 /* Goku.ttf in Resources */ = {isa = PBXBuildFile; fileRef = D96F1E102017C02700793B23 /* Goku.ttf */; };
		D96F1E152017C02800793B23 /* Montserrat-Medium.ttf in Resources */ = {isa = PBXBuildFile; fileRef = D96F1E112017C02700793B23 /* Montserrat-Medium.ttf */; };
		D96F1E162017C02800793B23 /* Montserrat-Regular.ttf in Resources */ = {isa = PBXBuildFile; fileRef = D96F1E122017C02700793B23 /* Montserrat-Regular.ttf */; };
		D96F1E172017C02800793B23 /* Montserrat-SemiBold.ttf in Resources */ = {isa = PBXBuildFile; fileRef = D96F1E132017C02700793B23 /* Montserrat-SemiBold.ttf */; };
		D9739ED820056FEF000E12FD /* GoogleService-Info.plist in Resources */ = {isa = PBXBuildFile; fileRef = D9739ED720056FEF000E12FD /* GoogleService-Info.plist */; };
		D9739EDA200573D3000E12FD /* AlertBox.swift in Sources */ = {isa = PBXBuildFile; fileRef = D9739ED9200573D3000E12FD /* AlertBox.swift */; };
		D988801120056D88000DEE66 /* AppDelegate.swift in Sources */ = {isa = PBXBuildFile; fileRef = D988801020056D88000DEE66 /* AppDelegate.swift */; };
		D988801620056D88000DEE66 /* Main.storyboard in Resources */ = {isa = PBXBuildFile; fileRef = D988801420056D88000DEE66 /* Main.storyboard */; };
		D988801920056D88000DEE66 /* Travels.xcdatamodeld in Sources */ = {isa = PBXBuildFile; fileRef = D988801720056D88000DEE66 /* Travels.xcdatamodeld */; };
		D988801E20056D88000DEE66 /* LaunchScreen.storyboard in Resources */ = {isa = PBXBuildFile; fileRef = D988801C20056D88000DEE66 /* LaunchScreen.storyboard */; };
		ED155A1AF83671B545EF2D79 /* Pods_Travels.framework in Frameworks */ = {isa = PBXBuildFile; fileRef = 617972E8CEEC0ECD91D29957 /* Pods_Travels.framework */; };
/* End PBXBuildFile section */

/* Begin PBXFileReference section */
		617972E8CEEC0ECD91D29957 /* Pods_Travels.framework */ = {isa = PBXFileReference; explicitFileType = wrapper.framework; includeInIndex = 0; path = Pods_Travels.framework; sourceTree = BUILT_PRODUCTS_DIR; };
		B151A75C493C31622BB0FA0E /* Pods-Travels.release.xcconfig */ = {isa = PBXFileReference; includeInIndex = 1; lastKnownFileType = text.xcconfig; name = "Pods-Travels.release.xcconfig"; path = "Pods/Target Support Files/Pods-Travels/Pods-Travels.release.xcconfig"; sourceTree = "<group>"; };
		CD4A5A31DA48C51CBA889FC8 /* Pods-Travels.debug.xcconfig */ = {isa = PBXFileReference; includeInIndex = 1; lastKnownFileType = text.xcconfig; name = "Pods-Travels.debug.xcconfig"; path = "Pods/Target Support Files/Pods-Travels/Pods-Travels.debug.xcconfig"; sourceTree = "<group>"; };
		D918A3DC200EA8BB00A686C0 /* ReturningUserCityTableViewController.swift */ = {isa = PBXFileReference; lastKnownFileType = sourcecode.swift; path = ReturningUserCityTableViewController.swift; sourceTree = "<group>"; };
		D918A3DE200F0A4400A686C0 /* ReturingUserCityDetailTableViewController.swift */ = {isa = PBXFileReference; lastKnownFileType = sourcecode.swift; name = ReturingUserCityDetailTableViewController.swift; path = "/Users/robertwong/Documents/iOS-Apps/CF/Travels/Travels/Controller/ReturingUserCityDetailTableViewController.swift"; sourceTree = "<absolute>"; };
		D918A3E2200FD8CF00A686C0 /* CityDetailTableViewCell.swift */ = {isa = PBXFileReference; lastKnownFileType = sourcecode.swift; name = CityDetailTableViewCell.swift; path = Travels/Model/CityDetailTableViewCell.swift; sourceTree = SOURCE_ROOT; };
		D948D14F20093B3200B5B411 /* OnboardEmptyList.swift */ = {isa = PBXFileReference; fileEncoding = 4; lastKnownFileType = sourcecode.swift; path = OnboardEmptyList.swift; sourceTree = "<group>"; };
		D948D15020093B3200B5B411 /* LoginViewContoller.swift */ = {isa = PBXFileReference; fileEncoding = 4; lastKnownFileType = sourcecode.swift; path = LoginViewContoller.swift; sourceTree = "<group>"; };
		D948D15120093B3200B5B411 /* OnboardCitySelect.swift */ = {isa = PBXFileReference; fileEncoding = 4; lastKnownFileType = sourcecode.swift; path = OnboardCitySelect.swift; sourceTree = "<group>"; };
		D948D15B2009C98F00B5B411 /* AddMemoryViewController.swift */ = {isa = PBXFileReference; lastKnownFileType = sourcecode.swift; path = AddMemoryViewController.swift; sourceTree = "<group>"; };
		D948D15D200AAFCA00B5B411 /* UserData.swift */ = {isa = PBXFileReference; lastKnownFileType = sourcecode.swift; path = UserData.swift; sourceTree = "<group>"; };
		D94CD24B201A596800EFA555 /* SectionNameTableViewController.swift */ = {isa = PBXFileReference; lastKnownFileType = sourcecode.swift; path = SectionNameTableViewController.swift; sourceTree = "<group>"; };
		D96F1DF72017BD6D00793B23 /* Assets.xcassets */ = {isa = PBXFileReference; lastKnownFileType = folder.assetcatalog; path = Assets.xcassets; sourceTree = "<group>"; };
		D96F1E102017C02700793B23 /* Goku.ttf */ = {isa = PBXFileReference; lastKnownFileType = file; path = Goku.ttf; sourceTree = "<group>"; };
		D96F1E112017C02700793B23 /* Montserrat-Medium.ttf */ = {isa = PBXFileReference; lastKnownFileType = file; path = "Montserrat-Medium.ttf"; sourceTree = "<group>"; };
		D96F1E122017C02700793B23 /* Montserrat-Regular.ttf */ = {isa = PBXFileReference; lastKnownFileType = file; path = "Montserrat-Regular.ttf"; sourceTree = "<group>"; };
		D96F1E132017C02700793B23 /* Montserrat-SemiBold.ttf */ = {isa = PBXFileReference; lastKnownFileType = file; path = "Montserrat-SemiBold.ttf"; sourceTree = "<group>"; };
		D9739ED720056FEF000E12FD /* GoogleService-Info.plist */ = {isa = PBXFileReference; fileEncoding = 4; lastKnownFileType = text.plist.xml; path = "GoogleService-Info.plist"; sourceTree = "<group>"; };
		D9739ED9200573D3000E12FD /* AlertBox.swift */ = {isa = PBXFileReference; fileEncoding = 4; lastKnownFileType = sourcecode.swift; path = AlertBox.swift; sourceTree = "<group>"; };
		D988800D20056D88000DEE66 /* Travels.app */ = {isa = PBXFileReference; explicitFileType = wrapper.application; includeInIndex = 0; path = Travels.app; sourceTree = BUILT_PRODUCTS_DIR; };
		D988801020056D88000DEE66 /* AppDelegate.swift */ = {isa = PBXFileReference; lastKnownFileType = sourcecode.swift; path = AppDelegate.swift; sourceTree = "<group>"; };
		D988801520056D88000DEE66 /* Base */ = {isa = PBXFileReference; lastKnownFileType = file.storyboard; name = Base; path = Base.lproj/Main.storyboard; sourceTree = "<group>"; };
		D988801820056D88000DEE66 /* Travels.xcdatamodel */ = {isa = PBXFileReference; lastKnownFileType = wrapper.xcdatamodel; path = Travels.xcdatamodel; sourceTree = "<group>"; };
		D988801D20056D88000DEE66 /* Base */ = {isa = PBXFileReference; lastKnownFileType = file.storyboard; name = Base; path = Base.lproj/LaunchScreen.storyboard; sourceTree = "<group>"; };
		D988801F20056D88000DEE66 /* Info.plist */ = {isa = PBXFileReference; lastKnownFileType = text.plist.xml; path = Info.plist; sourceTree = "<group>"; };
/* End PBXFileReference section */

/* Begin PBXFrameworksBuildPhase section */
		D988800A20056D88000DEE66 /* Frameworks */ = {
			isa = PBXFrameworksBuildPhase;
			buildActionMask = 2147483647;
			files = (
				ED155A1AF83671B545EF2D79 /* Pods_Travels.framework in Frameworks */,
			);
			runOnlyForDeploymentPostprocessing = 0;
		};
/* End PBXFrameworksBuildPhase section */

/* Begin PBXGroup section */
		0209C05BA57CA4F962832C4E /* Frameworks */ = {
			isa = PBXGroup;
			children = (
				617972E8CEEC0ECD91D29957 /* Pods_Travels.framework */,
			);
			name = Frameworks;
			sourceTree = "<group>";
		};
		D948D14E20093B3200B5B411 /* Controller */ = {
			isa = PBXGroup;
			children = (
				D948D15020093B3200B5B411 /* LoginViewContoller.swift */,
				D94CD24B201A596800EFA555 /* SectionNameTableViewController.swift */,
				D948D15120093B3200B5B411 /* OnboardCitySelect.swift */,
				D948D14F20093B3200B5B411 /* OnboardEmptyList.swift */,
				D948D15B2009C98F00B5B411 /* AddMemoryViewController.swift */,
				D918A3DC200EA8BB00A686C0 /* ReturningUserCityTableViewController.swift */,
				D918A3DE200F0A4400A686C0 /* ReturingUserCityDetailTableViewController.swift */,
			);
			name = Controller;
			path = Travels/Controller;
			sourceTree = SOURCE_ROOT;
		};
		D96F1E0F2017C02700793B23 /* fonts */ = {
			isa = PBXGroup;
			children = (
				D96F1E102017C02700793B23 /* Goku.ttf */,
				D96F1E112017C02700793B23 /* Montserrat-Medium.ttf */,
				D96F1E122017C02700793B23 /* Montserrat-Regular.ttf */,
				D96F1E132017C02700793B23 /* Montserrat-SemiBold.ttf */,
			);
			path = fonts;
			sourceTree = "<group>";
		};
		D9739EDE2006A89C000E12FD /* Model */ = {
			isa = PBXGroup;
			children = (
				D9739ED9200573D3000E12FD /* AlertBox.swift */,
				D948D15D200AAFCA00B5B411 /* UserData.swift */,
				D918A3E2200FD8CF00A686C0 /* CityDetailTableViewCell.swift */,
			);
			path = Model;
			sourceTree = "<group>";
		};
		D988800420056D88000DEE66 = {
			isa = PBXGroup;
			children = (
				D988800F20056D88000DEE66 /* Travels */,
				D988800E20056D88000DEE66 /* Products */,
				F6ADBBDAAB10C9B29305C1C2 /* Pods */,
				0209C05BA57CA4F962832C4E /* Frameworks */,
			);
			sourceTree = "<group>";
		};
		D988800E20056D88000DEE66 /* Products */ = {
			isa = PBXGroup;
			children = (
				D988800D20056D88000DEE66 /* Travels.app */,
			);
			name = Products;
			sourceTree = "<group>";
		};
		D988800F20056D88000DEE66 /* Travels */ = {
			isa = PBXGroup;
			children = (
				D96F1E0F2017C02700793B23 /* fonts */,
				D9739EDE2006A89C000E12FD /* Model */,
				D948D14E20093B3200B5B411 /* Controller */,
				D988801020056D88000DEE66 /* AppDelegate.swift */,
				D96F1DF72017BD6D00793B23 /* Assets.xcassets */,
				D988801420056D88000DEE66 /* Main.storyboard */,
				D988801C20056D88000DEE66 /* LaunchScreen.storyboard */,
				D988801F20056D88000DEE66 /* Info.plist */,
				D988801720056D88000DEE66 /* Travels.xcdatamodeld */,
				D9739ED720056FEF000E12FD /* GoogleService-Info.plist */,
			);
			path = Travels;
			sourceTree = "<group>";
		};
		F6ADBBDAAB10C9B29305C1C2 /* Pods */ = {
			isa = PBXGroup;
			children = (
				CD4A5A31DA48C51CBA889FC8 /* Pods-Travels.debug.xcconfig */,
				B151A75C493C31622BB0FA0E /* Pods-Travels.release.xcconfig */,
			);
			name = Pods;
			sourceTree = "<group>";
		};
/* End PBXGroup section */

/* Begin PBXNativeTarget section */
		D988800C20056D88000DEE66 /* Travels */ = {
			isa = PBXNativeTarget;
			buildConfigurationList = D988802220056D88000DEE66 /* Build configuration list for PBXNativeTarget "Travels" */;
			buildPhases = (
				6FD136AEA148DA70618E88B3 /* [CP] Check Pods Manifest.lock */,
				D988800920056D88000DEE66 /* Sources */,
				D988800A20056D88000DEE66 /* Frameworks */,
				D988800B20056D88000DEE66 /* Resources */,
				DF2FD68DFC2C3FC975DD8108 /* [CP] Embed Pods Frameworks */,
				7EA5165FF44E8AB186DDB57E /* [CP] Copy Pods Resources */,
			);
			buildRules = (
			);
			dependencies = (
			);
			name = Travels;
			productName = Travels;
			productReference = D988800D20056D88000DEE66 /* Travels.app */;
			productType = "com.apple.product-type.application";
		};
/* End PBXNativeTarget section */

/* Begin PBXProject section */
		D988800520056D88000DEE66 /* Project object */ = {
			isa = PBXProject;
			attributes = {
				LastSwiftUpdateCheck = 0920;
				LastUpgradeCheck = 0920;
				ORGANIZATIONNAME = "Robert Wong";
				TargetAttributes = {
					D988800C20056D88000DEE66 = {
						CreatedOnToolsVersion = 9.2;
						ProvisioningStyle = Automatic;
					};
				};
			};
			buildConfigurationList = D988800820056D88000DEE66 /* Build configuration list for PBXProject "Travels" */;
			compatibilityVersion = "Xcode 8.0";
			developmentRegion = en;
			hasScannedForEncodings = 0;
			knownRegions = (
				en,
				Base,
			);
			mainGroup = D988800420056D88000DEE66;
			productRefGroup = D988800E20056D88000DEE66 /* Products */;
			projectDirPath = "";
			projectRoot = "";
			targets = (
				D988800C20056D88000DEE66 /* Travels */,
			);
		};
/* End PBXProject section */

/* Begin PBXResourcesBuildPhase section */
		D988800B20056D88000DEE66 /* Resources */ = {
			isa = PBXResourcesBuildPhase;
			buildActionMask = 2147483647;
			files = (
				D988801E20056D88000DEE66 /* LaunchScreen.storyboard in Resources */,
				D96F1E142017C02700793B23 /* Goku.ttf in Resources */,
				D96F1E162017C02800793B23 /* Montserrat-Regular.ttf in Resources */,
				D9739ED820056FEF000E12FD /* GoogleService-Info.plist in Resources */,
				D96F1DF82017BD6D00793B23 /* Assets.xcassets in Resources */,
				D96F1E152017C02800793B23 /* Montserrat-Medium.ttf in Resources */,
				D96F1E172017C02800793B23 /* Montserrat-SemiBold.ttf in Resources */,
				D988801620056D88000DEE66 /* Main.storyboard in Resources */,
			);
			runOnlyForDeploymentPostprocessing = 0;
		};
/* End PBXResourcesBuildPhase section */

/* Begin PBXShellScriptBuildPhase section */
		6FD136AEA148DA70618E88B3 /* [CP] Check Pods Manifest.lock */ = {
			isa = PBXShellScriptBuildPhase;
			buildActionMask = 2147483647;
			files = (
			);
			inputPaths = (
				"${PODS_PODFILE_DIR_PATH}/Podfile.lock",
				"${PODS_ROOT}/Manifest.lock",
			);
			name = "[CP] Check Pods Manifest.lock";
			outputPaths = (
				"$(DERIVED_FILE_DIR)/Pods-Travels-checkManifestLockResult.txt",
			);
			runOnlyForDeploymentPostprocessing = 0;
			shellPath = /bin/sh;
			shellScript = "diff \"${PODS_PODFILE_DIR_PATH}/Podfile.lock\" \"${PODS_ROOT}/Manifest.lock\" > /dev/null\nif [ $? != 0 ] ; then\n    # print error to STDERR\n    echo \"error: The sandbox is not in sync with the Podfile.lock. Run 'pod install' or update your CocoaPods installation.\" >&2\n    exit 1\nfi\n# This output is used by Xcode 'outputs' to avoid re-running this script phase.\necho \"SUCCESS\" > \"${SCRIPT_OUTPUT_FILE_0}\"\n";
			showEnvVarsInLog = 0;
		};
		7EA5165FF44E8AB186DDB57E /* [CP] Copy Pods Resources */ = {
			isa = PBXShellScriptBuildPhase;
			buildActionMask = 2147483647;
			files = (
			);
			inputPaths = (
				"${SRCROOT}/Pods/Target Support Files/Pods-Travels/Pods-Travels-resources.sh",
				"${PODS_ROOT}/GooglePlaces/Frameworks/GooglePlaces.framework/Resources/GooglePlaces.bundle",
				"${PODS_ROOT}/GoogleSignIn/Resources/GoogleSignIn.bundle",
			);
			name = "[CP] Copy Pods Resources";
			outputPaths = (
				"${TARGET_BUILD_DIR}/${UNLOCALIZED_RESOURCES_FOLDER_PATH}",
			);
			runOnlyForDeploymentPostprocessing = 0;
			shellPath = /bin/sh;
			shellScript = "\"${SRCROOT}/Pods/Target Support Files/Pods-Travels/Pods-Travels-resources.sh\"\n";
			showEnvVarsInLog = 0;
		};
		DF2FD68DFC2C3FC975DD8108 /* [CP] Embed Pods Frameworks */ = {
			isa = PBXShellScriptBuildPhase;
			buildActionMask = 2147483647;
			files = (
			);
			inputPaths = (
				"${SRCROOT}/Pods/Target Support Files/Pods-Travels/Pods-Travels-frameworks.sh",
				"${BUILT_PRODUCTS_DIR}/GTMOAuth2/GTMOAuth2.framework",
				"${BUILT_PRODUCTS_DIR}/GTMSessionFetcher/GTMSessionFetcher.framework",
				"${BUILT_PRODUCTS_DIR}/GoogleToolboxForMac/GoogleToolboxForMac.framework",
				"${BUILT_PRODUCTS_DIR}/leveldb-library/leveldb.framework",
				"${BUILT_PRODUCTS_DIR}/nanopb/nanopb.framework",
			);
			name = "[CP] Embed Pods Frameworks";
			outputPaths = (
				"${TARGET_BUILD_DIR}/${FRAMEWORKS_FOLDER_PATH}/GTMOAuth2.framework",
				"${TARGET_BUILD_DIR}/${FRAMEWORKS_FOLDER_PATH}/GTMSessionFetcher.framework",
				"${TARGET_BUILD_DIR}/${FRAMEWORKS_FOLDER_PATH}/GoogleToolboxForMac.framework",
				"${TARGET_BUILD_DIR}/${FRAMEWORKS_FOLDER_PATH}/leveldb.framework",
				"${TARGET_BUILD_DIR}/${FRAMEWORKS_FOLDER_PATH}/nanopb.framework",
			);
			runOnlyForDeploymentPostprocessing = 0;
			shellPath = /bin/sh;
			shellScript = "\"${SRCROOT}/Pods/Target Support Files/Pods-Travels/Pods-Travels-frameworks.sh\"\n";
			showEnvVarsInLog = 0;
		};
/* End PBXShellScriptBuildPhase section */

/* Begin PBXSourcesBuildPhase section */
		D988800920056D88000DEE66 /* Sources */ = {
			isa = PBXSourcesBuildPhase;
			buildActionMask = 2147483647;
			files = (
				D918A3E3200FD8CF00A686C0 /* CityDetailTableViewCell.swift in Sources */,
				D918A3DD200EA8BB00A686C0 /* ReturningUserCityTableViewController.swift in Sources */,
				D948D15C2009C98F00B5B411 /* AddMemoryViewController.swift in Sources */,
				D988801120056D88000DEE66 /* AppDelegate.swift in Sources */,
				D948D15420093B3200B5B411 /* LoginViewContoller.swift in Sources */,
				D948D15520093B3200B5B411 /* OnboardCitySelect.swift in Sources */,
				D9739EDA200573D3000E12FD /* AlertBox.swift in Sources */,
				D948D15320093B3200B5B411 /* OnboardEmptyList.swift in Sources */,
				D94CD24C201A596800EFA555 /* SectionNameTableViewController.swift in Sources */,
				D948D15E200AAFCA00B5B411 /* UserData.swift in Sources */,
				D918A3DF200F0A4400A686C0 /* ReturingUserCityDetailTableViewController.swift in Sources */,
				D988801920056D88000DEE66 /* Travels.xcdatamodeld in Sources */,
			);
			runOnlyForDeploymentPostprocessing = 0;
		};
/* End PBXSourcesBuildPhase section */

/* Begin PBXVariantGroup section */
		D988801420056D88000DEE66 /* Main.storyboard */ = {
			isa = PBXVariantGroup;
			children = (
				D988801520056D88000DEE66 /* Base */,
			);
			name = Main.storyboard;
			sourceTree = "<group>";
		};
		D988801C20056D88000DEE66 /* LaunchScreen.storyboard */ = {
			isa = PBXVariantGroup;
			children = (
				D988801D20056D88000DEE66 /* Base */,
			);
			name = LaunchScreen.storyboard;
			sourceTree = "<group>";
		};
/* End PBXVariantGroup section */

/* Begin XCBuildConfiguration section */
		D988802020056D88000DEE66 /* Debug */ = {
			isa = XCBuildConfiguration;
			buildSettings = {
				ALWAYS_SEARCH_USER_PATHS = NO;
				CLANG_ANALYZER_NONNULL = YES;
				CLANG_ANALYZER_NUMBER_OBJECT_CONVERSION = YES_AGGRESSIVE;
				CLANG_CXX_LANGUAGE_STANDARD = "gnu++14";
				CLANG_CXX_LIBRARY = "libc++";
				CLANG_ENABLE_MODULES = YES;
				CLANG_ENABLE_OBJC_ARC = YES;
				CLANG_WARN_BLOCK_CAPTURE_AUTORELEASING = YES;
				CLANG_WARN_BOOL_CONVERSION = YES;
				CLANG_WARN_COMMA = YES;
				CLANG_WARN_CONSTANT_CONVERSION = YES;
				CLANG_WARN_DIRECT_OBJC_ISA_USAGE = YES_ERROR;
				CLANG_WARN_DOCUMENTATION_COMMENTS = YES;
				CLANG_WARN_EMPTY_BODY = YES;
				CLANG_WARN_ENUM_CONVERSION = YES;
				CLANG_WARN_INFINITE_RECURSION = YES;
				CLANG_WARN_INT_CONVERSION = YES;
				CLANG_WARN_NON_LITERAL_NULL_CONVERSION = YES;
				CLANG_WARN_OBJC_LITERAL_CONVERSION = YES;
				CLANG_WARN_OBJC_ROOT_CLASS = YES_ERROR;
				CLANG_WARN_RANGE_LOOP_ANALYSIS = YES;
				CLANG_WARN_STRICT_PROTOTYPES = YES;
				CLANG_WARN_SUSPICIOUS_MOVE = YES;
				CLANG_WARN_UNGUARDED_AVAILABILITY = YES_AGGRESSIVE;
				CLANG_WARN_UNREACHABLE_CODE = YES;
				CLANG_WARN__DUPLICATE_METHOD_MATCH = YES;
				CODE_SIGN_IDENTITY = "iPhone Developer";
				COPY_PHASE_STRIP = NO;
				DEBUG_INFORMATION_FORMAT = dwarf;
				ENABLE_STRICT_OBJC_MSGSEND = YES;
				ENABLE_TESTABILITY = YES;
				GCC_C_LANGUAGE_STANDARD = gnu11;
				GCC_DYNAMIC_NO_PIC = NO;
				GCC_NO_COMMON_BLOCKS = YES;
				GCC_OPTIMIZATION_LEVEL = 0;
				GCC_PREPROCESSOR_DEFINITIONS = (
					"DEBUG=1",
					"$(inherited)",
				);
				GCC_WARN_64_TO_32_BIT_CONVERSION = YES;
				GCC_WARN_ABOUT_RETURN_TYPE = YES_ERROR;
				GCC_WARN_UNDECLARED_SELECTOR = YES;
				GCC_WARN_UNINITIALIZED_AUTOS = YES_AGGRESSIVE;
				GCC_WARN_UNUSED_FUNCTION = YES;
				GCC_WARN_UNUSED_VARIABLE = YES;
				IPHONEOS_DEPLOYMENT_TARGET = 11.2;
				MTL_ENABLE_DEBUG_INFO = YES;
				ONLY_ACTIVE_ARCH = YES;
				SDKROOT = iphoneos;
				SWIFT_ACTIVE_COMPILATION_CONDITIONS = DEBUG;
				SWIFT_OPTIMIZATION_LEVEL = "-Onone";
			};
			name = Debug;
		};
		D988802120056D88000DEE66 /* Release */ = {
			isa = XCBuildConfiguration;
			buildSettings = {
				ALWAYS_SEARCH_USER_PATHS = NO;
				CLANG_ANALYZER_NONNULL = YES;
				CLANG_ANALYZER_NUMBER_OBJECT_CONVERSION = YES_AGGRESSIVE;
				CLANG_CXX_LANGUAGE_STANDARD = "gnu++14";
				CLANG_CXX_LIBRARY = "libc++";
				CLANG_ENABLE_MODULES = YES;
				CLANG_ENABLE_OBJC_ARC = YES;
				CLANG_WARN_BLOCK_CAPTURE_AUTORELEASING = YES;
				CLANG_WARN_BOOL_CONVERSION = YES;
				CLANG_WARN_COMMA = YES;
				CLANG_WARN_CONSTANT_CONVERSION = YES;
				CLANG_WARN_DIRECT_OBJC_ISA_USAGE = YES_ERROR;
				CLANG_WARN_DOCUMENTATION_COMMENTS = YES;
				CLANG_WARN_EMPTY_BODY = YES;
				CLANG_WARN_ENUM_CONVERSION = YES;
				CLANG_WARN_INFINITE_RECURSION = YES;
				CLANG_WARN_INT_CONVERSION = YES;
				CLANG_WARN_NON_LITERAL_NULL_CONVERSION = YES;
				CLANG_WARN_OBJC_LITERAL_CONVERSION = YES;
				CLANG_WARN_OBJC_ROOT_CLASS = YES_ERROR;
				CLANG_WARN_RANGE_LOOP_ANALYSIS = YES;
				CLANG_WARN_STRICT_PROTOTYPES = YES;
				CLANG_WARN_SUSPICIOUS_MOVE = YES;
				CLANG_WARN_UNGUARDED_AVAILABILITY = YES_AGGRESSIVE;
				CLANG_WARN_UNREACHABLE_CODE = YES;
				CLANG_WARN__DUPLICATE_METHOD_MATCH = YES;
				CODE_SIGN_IDENTITY = "iPhone Developer";
				COPY_PHASE_STRIP = NO;
				DEBUG_INFORMATION_FORMAT = "dwarf-with-dsym";
				ENABLE_NS_ASSERTIONS = NO;
				ENABLE_STRICT_OBJC_MSGSEND = YES;
				GCC_C_LANGUAGE_STANDARD = gnu11;
				GCC_NO_COMMON_BLOCKS = YES;
				GCC_WARN_64_TO_32_BIT_CONVERSION = YES;
				GCC_WARN_ABOUT_RETURN_TYPE = YES_ERROR;
				GCC_WARN_UNDECLARED_SELECTOR = YES;
				GCC_WARN_UNINITIALIZED_AUTOS = YES_AGGRESSIVE;
				GCC_WARN_UNUSED_FUNCTION = YES;
				GCC_WARN_UNUSED_VARIABLE = YES;
				IPHONEOS_DEPLOYMENT_TARGET = 11.2;
				MTL_ENABLE_DEBUG_INFO = NO;
				SDKROOT = iphoneos;
				SWIFT_OPTIMIZATION_LEVEL = "-Owholemodule";
				VALIDATE_PRODUCT = YES;
			};
			name = Release;
		};
		D988802320056D88000DEE66 /* Debug */ = {
			isa = XCBuildConfiguration;
			baseConfigurationReference = CD4A5A31DA48C51CBA889FC8 /* Pods-Travels.debug.xcconfig */;
			buildSettings = {
				ASSETCATALOG_COMPILER_APPICON_NAME = AppIcon;
				CODE_SIGN_STYLE = Automatic;
				DEVELOPMENT_TEAM = S8U5C9WC7P;
				INFOPLIST_FILE = Travels/Info.plist;
				LD_RUNPATH_SEARCH_PATHS = "$(inherited) @executable_path/Frameworks";
				PRODUCT_BUNDLE_IDENTIFIER = com.Travels;
				PRODUCT_NAME = "$(TARGET_NAME)";
				SWIFT_VERSION = 4.0;
				TARGETED_DEVICE_FAMILY = "1,2";
			};
			name = Debug;
		};
		D988802420056D88000DEE66 /* Release */ = {
			isa = XCBuildConfiguration;
			baseConfigurationReference = B151A75C493C31622BB0FA0E /* Pods-Travels.release.xcconfig */;
			buildSettings = {
				ASSETCATALOG_COMPILER_APPICON_NAME = AppIcon;
				CODE_SIGN_STYLE = Automatic;
				DEVELOPMENT_TEAM = S8U5C9WC7P;
				INFOPLIST_FILE = Travels/Info.plist;
				LD_RUNPATH_SEARCH_PATHS = "$(inherited) @executable_path/Frameworks";
				PRODUCT_BUNDLE_IDENTIFIER = com.Travels;
				PRODUCT_NAME = "$(TARGET_NAME)";
				SWIFT_VERSION = 4.0;
				TARGETED_DEVICE_FAMILY = "1,2";
			};
			name = Release;
		};
/* End XCBuildConfiguration section */

/* Begin XCConfigurationList section */
		D988800820056D88000DEE66 /* Build configuration list for PBXProject "Travels" */ = {
			isa = XCConfigurationList;
			buildConfigurations = (
				D988802020056D88000DEE66 /* Debug */,
				D988802120056D88000DEE66 /* Release */,
			);
			defaultConfigurationIsVisible = 0;
			defaultConfigurationName = Release;
		};
		D988802220056D88000DEE66 /* Build configuration list for PBXNativeTarget "Travels" */ = {
			isa = XCConfigurationList;
			buildConfigurations = (
				D988802320056D88000DEE66 /* Debug */,
				D988802420056D88000DEE66 /* Release */,
			);
			defaultConfigurationIsVisible = 0;
			defaultConfigurationName = Release;
		};
/* End XCConfigurationList section */

/* Begin XCVersionGroup section */
		D988801720056D88000DEE66 /* Travels.xcdatamodeld */ = {
			isa = XCVersionGroup;
			children = (
				D988801820056D88000DEE66 /* Travels.xcdatamodel */,
			);
			currentVersion = D988801820056D88000DEE66 /* Travels.xcdatamodel */;
			path = Travels.xcdatamodeld;
			sourceTree = "<group>";
			versionGroupType = wrapper.xcdatamodel;
		};
/* End XCVersionGroup section */
	};
	rootObject = D988800520056D88000DEE66 /* Project object */;
}
