// !$*UTF8*$!
{
	archiveVersion = 1;
	classes = {
	};
	objectVersion = 46;
	objects = {

/* Begin PBXBuildFile section */
		D48B23341F1290B800FFE257 /* AppDelegate.swift in Sources */ = {isa = PBXBuildFile; fileRef = D48B23331F1290B800FFE257 /* AppDelegate.swift */; };
		D48B23361F1290B800FFE257 /* ViewController.swift in Sources */ = {isa = PBXBuildFile; fileRef = D48B23351F1290B800FFE257 /* ViewController.swift */; };
		D48B23391F1290B800FFE257 /* Main.storyboard in Resources */ = {isa = PBXBuildFile; fileRef = D48B23371F1290B800FFE257 /* Main.storyboard */; };
		D48B233B1F1290B800FFE257 /* Assets.xcassets in Resources */ = {isa = PBXBuildFile; fileRef = D48B233A1F1290B800FFE257 /* Assets.xcassets */; };
		D48B233E1F1290B800FFE257 /* LaunchScreen.storyboard in Resources */ = {isa = PBXBuildFile; fileRef = D48B233C1F1290B800FFE257 /* LaunchScreen.storyboard */; };
		D48B23461F12918800FFE257 /* ExceriseSet.swift in Sources */ = {isa = PBXBuildFile; fileRef = D48B23451F12918800FFE257 /* ExceriseSet.swift */; };
		D94CD3472026E1C800EFA555 /* Localizable.strings in Resources */ = {isa = PBXBuildFile; fileRef = D94CD3492026E1C800EFA555 /* Localizable.strings */; };
/* End PBXBuildFile section */

/* Begin PBXFileReference section */
		D48B23301F1290B800FFE257 /* ExceriseTableAppV2.app */ = {isa = PBXFileReference; explicitFileType = wrapper.application; includeInIndex = 0; path = ExceriseTableAppV2.app; sourceTree = BUILT_PRODUCTS_DIR; };
		D48B23331F1290B800FFE257 /* AppDelegate.swift */ = {isa = PBXFileReference; lastKnownFileType = sourcecode.swift; path = AppDelegate.swift; sourceTree = "<group>"; };
		D48B23351F1290B800FFE257 /* ViewController.swift */ = {isa = PBXFileReference; lastKnownFileType = sourcecode.swift; path = ViewController.swift; sourceTree = "<group>"; };
		D48B23381F1290B800FFE257 /* Base */ = {isa = PBXFileReference; lastKnownFileType = file.storyboard; name = Base; path = Base.lproj/Main.storyboard; sourceTree = "<group>"; };
		D48B233A1F1290B800FFE257 /* Assets.xcassets */ = {isa = PBXFileReference; lastKnownFileType = folder.assetcatalog; path = Assets.xcassets; sourceTree = "<group>"; };
		D48B233D1F1290B800FFE257 /* Base */ = {isa = PBXFileReference; lastKnownFileType = file.storyboard; name = Base; path = Base.lproj/LaunchScreen.storyboard; sourceTree = "<group>"; };
		D48B233F1F1290B800FFE257 /* Info.plist */ = {isa = PBXFileReference; lastKnownFileType = text.plist.xml; path = Info.plist; sourceTree = "<group>"; };
		D48B23451F12918800FFE257 /* ExceriseSet.swift */ = {isa = PBXFileReference; fileEncoding = 4; lastKnownFileType = sourcecode.swift; path = ExceriseSet.swift; sourceTree = "<group>"; };
		D94CD3432026E0CA00EFA555 /* es */ = {isa = PBXFileReference; lastKnownFileType = text.plist.strings; name = es; path = es.lproj/Main.strings; sourceTree = "<group>"; };
		D94CD3442026E0CA00EFA555 /* es */ = {isa = PBXFileReference; lastKnownFileType = text.plist.strings; name = es; path = es.lproj/LaunchScreen.strings; sourceTree = "<group>"; };
		D94CD3482026E1C800EFA555 /* en */ = {isa = PBXFileReference; lastKnownFileType = text.plist.strings; name = en; path = en.lproj/Localizable.strings; sourceTree = "<group>"; };
		D94CD34A2026E1D800EFA555 /* es */ = {isa = PBXFileReference; lastKnownFileType = text.plist.strings; name = es; path = es.lproj/Localizable.strings; sourceTree = "<group>"; };
/* End PBXFileReference section */

/* Begin PBXFrameworksBuildPhase section */
		D48B232D1F1290B800FFE257 /* Frameworks */ = {
			isa = PBXFrameworksBuildPhase;
			buildActionMask = 2147483647;
			files = (
			);
			runOnlyForDeploymentPostprocessing = 0;
		};
/* End PBXFrameworksBuildPhase section */

/* Begin PBXGroup section */
		D48B23271F1290B800FFE257 = {
			isa = PBXGroup;
			children = (
				D48B23321F1290B800FFE257 /* ExceriseTableAppV2 */,
				D48B23311F1290B800FFE257 /* Products */,
			);
			sourceTree = "<group>";
		};
		D48B23311F1290B800FFE257 /* Products */ = {
			isa = PBXGroup;
			children = (
				D48B23301F1290B800FFE257 /* ExceriseTableAppV2.app */,
			);
			name = Products;
			sourceTree = "<group>";
		};
		D48B23321F1290B800FFE257 /* ExceriseTableAppV2 */ = {
			isa = PBXGroup;
			children = (
				D48B23331F1290B800FFE257 /* AppDelegate.swift */,
				D48B23351F1290B800FFE257 /* ViewController.swift */,
				D48B23451F12918800FFE257 /* ExceriseSet.swift */,
				D94CD3492026E1C800EFA555 /* Localizable.strings */,
				D48B23371F1290B800FFE257 /* Main.storyboard */,
				D48B233A1F1290B800FFE257 /* Assets.xcassets */,
				D48B233C1F1290B800FFE257 /* LaunchScreen.storyboard */,
				D48B233F1F1290B800FFE257 /* Info.plist */,
			);
			path = ExceriseTableAppV2;
			sourceTree = "<group>";
		};
/* End PBXGroup section */

/* Begin PBXNativeTarget section */
		D48B232F1F1290B800FFE257 /* ExceriseTableAppV2 */ = {
			isa = PBXNativeTarget;
			buildConfigurationList = D48B23421F1290B800FFE257 /* Build configuration list for PBXNativeTarget "ExceriseTableAppV2" */;
			buildPhases = (
				D48B232C1F1290B800FFE257 /* Sources */,
				D48B232D1F1290B800FFE257 /* Frameworks */,
				D48B232E1F1290B800FFE257 /* Resources */,
			);
			buildRules = (
			);
			dependencies = (
			);
			name = ExceriseTableAppV2;
			productName = ExceriseTableAppV2;
			productReference = D48B23301F1290B800FFE257 /* ExceriseTableAppV2.app */;
			productType = "com.apple.product-type.application";
		};
/* End PBXNativeTarget section */

/* Begin PBXProject section */
		D48B23281F1290B800FFE257 /* Project object */ = {
			isa = PBXProject;
			attributes = {
				LastSwiftUpdateCheck = 0830;
				LastUpgradeCheck = 0830;
				ORGANIZATIONNAME = "Robert Wong";
				TargetAttributes = {
					D48B232F1F1290B800FFE257 = {
						CreatedOnToolsVersion = 8.3.3;
						DevelopmentTeam = S8U5C9WC7P;
						ProvisioningStyle = Automatic;
					};
				};
			};
			buildConfigurationList = D48B232B1F1290B800FFE257 /* Build configuration list for PBXProject "ExceriseTableAppV2" */;
			compatibilityVersion = "Xcode 3.2";
			developmentRegion = English;
			hasScannedForEncodings = 0;
			knownRegions = (
				en,
				Base,
				es,
			);
			mainGroup = D48B23271F1290B800FFE257;
			productRefGroup = D48B23311F1290B800FFE257 /* Products */;
			projectDirPath = "";
			projectRoot = "";
			targets = (
				D48B232F1F1290B800FFE257 /* ExceriseTableAppV2 */,
			);
		};
/* End PBXProject section */

/* Begin PBXResourcesBuildPhase section */
		D48B232E1F1290B800FFE257 /* Resources */ = {
			isa = PBXResourcesBuildPhase;
			buildActionMask = 2147483647;
			files = (
				D48B233E1F1290B800FFE257 /* LaunchScreen.storyboard in Resources */,
				D94CD3472026E1C800EFA555 /* Localizable.strings in Resources */,
				D48B233B1F1290B800FFE257 /* Assets.xcassets in Resources */,
				D48B23391F1290B800FFE257 /* Main.storyboard in Resources */,
			);
			runOnlyForDeploymentPostprocessing = 0;
		};
/* End PBXResourcesBuildPhase section */

/* Begin PBXSourcesBuildPhase section */
		D48B232C1F1290B800FFE257 /* Sources */ = {
			isa = PBXSourcesBuildPhase;
			buildActionMask = 2147483647;
			files = (
				D48B23361F1290B800FFE257 /* ViewController.swift in Sources */,
				D48B23461F12918800FFE257 /* ExceriseSet.swift in Sources */,
				D48B23341F1290B800FFE257 /* AppDelegate.swift in Sources */,
			);
			runOnlyForDeploymentPostprocessing = 0;
		};
/* End PBXSourcesBuildPhase section */

/* Begin PBXVariantGroup section */
		D48B23371F1290B800FFE257 /* Main.storyboard */ = {
			isa = PBXVariantGroup;
			children = (
				D48B23381F1290B800FFE257 /* Base */,
				D94CD3432026E0CA00EFA555 /* es */,
			);
			name = Main.storyboard;
			sourceTree = "<group>";
		};
		D48B233C1F1290B800FFE257 /* LaunchScreen.storyboard */ = {
			isa = PBXVariantGroup;
			children = (
				D48B233D1F1290B800FFE257 /* Base */,
				D94CD3442026E0CA00EFA555 /* es */,
			);
			name = LaunchScreen.storyboard;
			sourceTree = "<group>";
		};
		D94CD3492026E1C800EFA555 /* Localizable.strings */ = {
			isa = PBXVariantGroup;
			children = (
				D94CD3482026E1C800EFA555 /* en */,
				D94CD34A2026E1D800EFA555 /* es */,
			);
			name = Localizable.strings;
			sourceTree = "<group>";
		};
/* End PBXVariantGroup section */

/* Begin XCBuildConfiguration section */
		D48B23401F1290B800FFE257 /* Debug */ = {
			isa = XCBuildConfiguration;
			buildSettings = {
				ALWAYS_SEARCH_USER_PATHS = NO;
				CLANG_ANALYZER_LOCALIZABILITY_NONLOCALIZED = YES;
				CLANG_ANALYZER_NONNULL = YES;
				CLANG_ANALYZER_NUMBER_OBJECT_CONVERSION = YES_AGGRESSIVE;
				CLANG_CXX_LANGUAGE_STANDARD = "gnu++0x";
				CLANG_CXX_LIBRARY = "libc++";
				CLANG_ENABLE_MODULES = YES;
				CLANG_ENABLE_OBJC_ARC = YES;
				CLANG_WARN_BOOL_CONVERSION = YES;
				CLANG_WARN_CONSTANT_CONVERSION = YES;
				CLANG_WARN_DIRECT_OBJC_ISA_USAGE = YES_ERROR;
				CLANG_WARN_DOCUMENTATION_COMMENTS = YES;
				CLANG_WARN_EMPTY_BODY = YES;
				CLANG_WARN_ENUM_CONVERSION = YES;
				CLANG_WARN_INFINITE_RECURSION = YES;
				CLANG_WARN_INT_CONVERSION = YES;
				CLANG_WARN_OBJC_ROOT_CLASS = YES_ERROR;
				CLANG_WARN_SUSPICIOUS_MOVE = YES;
				CLANG_WARN_UNREACHABLE_CODE = YES;
				CLANG_WARN__DUPLICATE_METHOD_MATCH = YES;
				"CODE_SIGN_IDENTITY[sdk=iphoneos*]" = "iPhone Developer";
				COPY_PHASE_STRIP = NO;
				DEBUG_INFORMATION_FORMAT = dwarf;
				ENABLE_STRICT_OBJC_MSGSEND = YES;
				ENABLE_TESTABILITY = YES;
				GCC_C_LANGUAGE_STANDARD = gnu99;
				GCC_DYNAMIC_NO_PIC = NO;
				GCC_NO_COMMON_BLOCKS = YES;
				GCC_OPTIMIZATION_LEVEL = 0;
				GCC_PREPROCESSOR_DEFINITIONS = (
					"DEBUG=1",
					"$(inherited)",
				);
				GCC_WARN_64_TO_32_BIT_CONVERSION = YES;
				GCC_WARN_ABOUT_RETURN_TYPE = YES_ERROR;
				GCC_WARN_UNDECLARED_SELECTOR = YES;
				GCC_WARN_UNINITIALIZED_AUTOS = YES_AGGRESSIVE;
				GCC_WARN_UNUSED_FUNCTION = YES;
				GCC_WARN_UNUSED_VARIABLE = YES;
				IPHONEOS_DEPLOYMENT_TARGET = 10.3;
				MTL_ENABLE_DEBUG_INFO = YES;
				ONLY_ACTIVE_ARCH = YES;
				SDKROOT = iphoneos;
				SWIFT_ACTIVE_COMPILATION_CONDITIONS = DEBUG;
				SWIFT_OPTIMIZATION_LEVEL = "-Onone";
				TARGETED_DEVICE_FAMILY = "1,2";
			};
			name = Debug;
		};
		D48B23411F1290B800FFE257 /* Release */ = {
			isa = XCBuildConfiguration;
			buildSettings = {
				ALWAYS_SEARCH_USER_PATHS = NO;
				CLANG_ANALYZER_LOCALIZABILITY_NONLOCALIZED = YES;
				CLANG_ANALYZER_NONNULL = YES;
				CLANG_ANALYZER_NUMBER_OBJECT_CONVERSION = YES_AGGRESSIVE;
				CLANG_CXX_LANGUAGE_STANDARD = "gnu++0x";
				CLANG_CXX_LIBRARY = "libc++";
				CLANG_ENABLE_MODULES = YES;
				CLANG_ENABLE_OBJC_ARC = YES;
				CLANG_WARN_BOOL_CONVERSION = YES;
				CLANG_WARN_CONSTANT_CONVERSION = YES;
				CLANG_WARN_DIRECT_OBJC_ISA_USAGE = YES_ERROR;
				CLANG_WARN_DOCUMENTATION_COMMENTS = YES;
				CLANG_WARN_EMPTY_BODY = YES;
				CLANG_WARN_ENUM_CONVERSION = YES;
				CLANG_WARN_INFINITE_RECURSION = YES;
				CLANG_WARN_INT_CONVERSION = YES;
				CLANG_WARN_OBJC_ROOT_CLASS = YES_ERROR;
				CLANG_WARN_SUSPICIOUS_MOVE = YES;
				CLANG_WARN_UNREACHABLE_CODE = YES;
				CLANG_WARN__DUPLICATE_METHOD_MATCH = YES;
				"CODE_SIGN_IDENTITY[sdk=iphoneos*]" = "iPhone Developer";
				COPY_PHASE_STRIP = NO;
				DEBUG_INFORMATION_FORMAT = "dwarf-with-dsym";
				ENABLE_NS_ASSERTIONS = NO;
				ENABLE_STRICT_OBJC_MSGSEND = YES;
				GCC_C_LANGUAGE_STANDARD = gnu99;
				GCC_NO_COMMON_BLOCKS = YES;
				GCC_WARN_64_TO_32_BIT_CONVERSION = YES;
				GCC_WARN_ABOUT_RETURN_TYPE = YES_ERROR;
				GCC_WARN_UNDECLARED_SELECTOR = YES;
				GCC_WARN_UNINITIALIZED_AUTOS = YES_AGGRESSIVE;
				GCC_WARN_UNUSED_FUNCTION = YES;
				GCC_WARN_UNUSED_VARIABLE = YES;
				IPHONEOS_DEPLOYMENT_TARGET = 10.3;
				MTL_ENABLE_DEBUG_INFO = NO;
				SDKROOT = iphoneos;
				SWIFT_OPTIMIZATION_LEVEL = "-Owholemodule";
				TARGETED_DEVICE_FAMILY = "1,2";
				VALIDATE_PRODUCT = YES;
			};
			name = Release;
		};
		D48B23431F1290B800FFE257 /* Debug */ = {
			isa = XCBuildConfiguration;
			buildSettings = {
				ASSETCATALOG_COMPILER_APPICON_NAME = AppIcon;
				DEVELOPMENT_TEAM = S8U5C9WC7P;
				INFOPLIST_FILE = ExceriseTableAppV2/Info.plist;
				IPHONEOS_DEPLOYMENT_TARGET = 11.2;
				LD_RUNPATH_SEARCH_PATHS = "$(inherited) @executable_path/Frameworks";
				PRODUCT_BUNDLE_IDENTIFIER = com.ExceriseTableAppV2;
				PRODUCT_NAME = "$(TARGET_NAME)";
				SWIFT_VERSION = 3.0;
			};
			name = Debug;
		};
		D48B23441F1290B800FFE257 /* Release */ = {
			isa = XCBuildConfiguration;
			buildSettings = {
				ASSETCATALOG_COMPILER_APPICON_NAME = AppIcon;
				DEVELOPMENT_TEAM = S8U5C9WC7P;
				INFOPLIST_FILE = ExceriseTableAppV2/Info.plist;
				IPHONEOS_DEPLOYMENT_TARGET = 11.2;
				LD_RUNPATH_SEARCH_PATHS = "$(inherited) @executable_path/Frameworks";
				PRODUCT_BUNDLE_IDENTIFIER = com.ExceriseTableAppV2;
				PRODUCT_NAME = "$(TARGET_NAME)";
				SWIFT_VERSION = 3.0;
			};
			name = Release;
		};
/* End XCBuildConfiguration section */

/* Begin XCConfigurationList section */
		D48B232B1F1290B800FFE257 /* Build configuration list for PBXProject "ExceriseTableAppV2" */ = {
			isa = XCConfigurationList;
			buildConfigurations = (
				D48B23401F1290B800FFE257 /* Debug */,
				D48B23411F1290B800FFE257 /* Release */,
			);
			defaultConfigurationIsVisible = 0;
			defaultConfigurationName = Release;
		};
		D48B23421F1290B800FFE257 /* Build configuration list for PBXNativeTarget "ExceriseTableAppV2" */ = {
			isa = XCConfigurationList;
			buildConfigurations = (
				D48B23431F1290B800FFE257 /* Debug */,
				D48B23441F1290B800FFE257 /* Release */,
			);
			defaultConfigurationIsVisible = 0;
			defaultConfigurationName = Release;
		};
/* End XCConfigurationList section */
	};
	rootObject = D48B23281F1290B800FFE257 /* Project object */;
}
